Microsoft Visual Studio Solution File, Format Version 12.00
# Visual Studio 15
VisualStudioVersion = 15.0.26430.16
MinimumVisualStudioVersion = 10.0.40219.1
Project("{2150E333-8FDC-42A3-9474-1A3956D46DE8}") = "src", "src", "{DC3424EC-2E9B-4653-AB4C-9BB89637B0EF}"
EndProject
Project("{2150E333-8FDC-42A3-9474-1A3956D46DE8}") = "test", "test", "{32232913-3E63-4EE3-8DC1-2FCB6717198F}"
EndProject
Project("{2150E333-8FDC-42A3-9474-1A3956D46DE8}") = "samples", "samples", "{0DDA7505-1160-49A0-A0BF-055F488F1608}"
EndProject
Project("{2150E333-8FDC-42A3-9474-1A3956D46DE8}") = "Core", "Core", "{3B81A3E8-25A7-4473-BDA9-36B6D7FED4D6}"
EndProject
Project("{2150E333-8FDC-42A3-9474-1A3956D46DE8}") = "Domain", "Domain", "{D1F41609-AA70-445F-A484-B23D36D84F87}"
EndProject
Project("{2150E333-8FDC-42A3-9474-1A3956D46DE8}") = "Infrastructure", "Infrastructure", "{21805046-B58F-4B99-8997-8E2E7EC99D2F}"
EndProject
Project("{2150E333-8FDC-42A3-9474-1A3956D46DE8}") = "Integration", "Integration", "{1EEBF08A-7413-403E-8A4E-EB9E8C96CD00}"
EndProject
Project("{2150E333-8FDC-42A3-9474-1A3956D46DE8}") = "Common", "Common", "{736BE3AC-4F29-4584-822C-93E70561FF4F}"
EndProject
Project("{9A19103F-16F7-4668-BE54-9A1E7A4F7556}") = "NetFusion.Common", "src\Common\NetFusion.Common\NetFusion.Common.csproj", "{9A195923-5D6D-499A-867C-FA3A4EE74CF5}"
EndProject
Project("{9A19103F-16F7-4668-BE54-9A1E7A4F7556}") = "NetFusion.Base", "src\Common\NetFusion.Base\NetFusion.Base.csproj", "{6ADFCD20-9A03-4BE8-B03A-7353AAEAB154}"
EndProject
Project("{9A19103F-16F7-4668-BE54-9A1E7A4F7556}") = "NetFusion.Bootstrap", "src\Core\NetFusion.Bootstrap\NetFusion.Bootstrap.csproj", "{AB615F4E-489A-4F94-ACC8-DA87FF767298}"
EndProject
Project("{9A19103F-16F7-4668-BE54-9A1E7A4F7556}") = "NetFusion.Domain", "src\Domain\NetFusion.Domain\NetFusion.Domain.csproj", "{B6C63E9C-CDE2-4B8F-B81E-BF0435A99D72}"
EndProject
Project("{9A19103F-16F7-4668-BE54-9A1E7A4F7556}") = "NetFusion.Domain.Messaging", "src\Domain\NetFusion.Domain.Messaging\NetFusion.Domain.Messaging.csproj", "{E0BF015D-F4DA-45EF-98C0-B18A4A6A8E66}"
EndProject
Project("{9A19103F-16F7-4668-BE54-9A1E7A4F7556}") = "NetFusion.Settings", "src\Core\NetFusion.Settings\NetFusion.Settings.csproj", "{F0A623E2-E25C-4515-A8C8-31E80A24D0C5}"
EndProject
Project("{9A19103F-16F7-4668-BE54-9A1E7A4F7556}") = "NetFusion.Messaging", "src\Core\NetFusion.Messaging\NetFusion.Messaging.csproj", "{9489EB8B-17EB-481B-B2F5-D2D63FA7C5B7}"
EndProject
Project("{9A19103F-16F7-4668-BE54-9A1E7A4F7556}") = "NetFusion.Test", "src\Core\NetFusion.Test\NetFusion.Test.csproj", "{31321DCC-701B-4E3F-9BF5-A06D2C67947B}"
EndProject
Project("{9A19103F-16F7-4668-BE54-9A1E7A4F7556}") = "NetFusion.Logging", "src\Core\NetFusion.Logging\NetFusion.Logging.csproj", "{BBCD9D22-4496-4E40-9710-AEF0806AE310}"
EndProject
Project("{9A19103F-16F7-4668-BE54-9A1E7A4F7556}") = "NetFusion.EntityFramework", "src\Infrastructure\NetFusion.EntityFramework\NetFusion.EntityFramework.csproj", "{ECBA8166-FC73-48C8-AD81-53472EFC521C}"
EndProject
Project("{9A19103F-16F7-4668-BE54-9A1E7A4F7556}") = "NetFusion.MongoDB", "src\Infrastructure\NetFusion.MongoDB\NetFusion.MongoDB.csproj", "{C9D16E27-C8F0-4589-9D59-0D267C1F4676}"
EndProject
Project("{9A19103F-16F7-4668-BE54-9A1E7A4F7556}") = "NetFusion.RabbitMQ", "src\Infrastructure\NetFusion.RabbitMQ\NetFusion.RabbitMQ.csproj", "{C24176FF-AC25-4166-9032-45D05D9C21BF}"
EndProject
Project("{9A19103F-16F7-4668-BE54-9A1E7A4F7556}") = "NetFusion.Logging.Serilog", "src\Integration\NetFusion.Logging.Serilog\NetFusion.Logging.Serilog.csproj", "{71AEE71B-F78C-485B-BE2F-F53FC45451F6}"
EndProject
Project("{9A19103F-16F7-4668-BE54-9A1E7A4F7556}") = "CommonTests", "test\CommonTests\CommonTests.csproj", "{8965A7CB-8228-4E12-8713-F50D0105C20E}"
EndProject
Project("{9A19103F-16F7-4668-BE54-9A1E7A4F7556}") = "CoreTests", "test\CoreTests\CoreTests.csproj", "{4018995E-8156-498F-810A-C6DC95A3F5BD}"
EndProject
Project("{9A19103F-16F7-4668-BE54-9A1E7A4F7556}") = "InfrastructureTests", "test\InfrastructureTests\InfrastructureTests.csproj", "{55545AEA-542B-4CC1-B822-9351D4185D34}"
EndProject
Project("{9A19103F-16F7-4668-BE54-9A1E7A4F7556}") = "IntegrationTests", "test\IntegrationTests\IntegrationTests.csproj", "{0D4F9B78-16EC-4C20-806F-AC7E3D4F2D03}"
EndProject
Project("{9A19103F-16F7-4668-BE54-9A1E7A4F7556}") = "ExampleApi", "samples\ExampleApi\ExampleApi.csproj", "{6D66B270-5FE3-46C5-BBD3-54C1C519CEEC}"
EndProject
Project("{9A19103F-16F7-4668-BE54-9A1E7A4F7556}") = "ConsumerHost", "samples\ConsumerHost\ConsumerHost.csproj", "{F4443063-95FD-463A-B4BD-36A25D63AF2E}"
EndProject
Project("{9A19103F-16F7-4668-BE54-9A1E7A4F7556}") = "WebApiHost", "samples\WebApiHost\WebApiHost.csproj", "{B01EB0BE-09D1-41B3-85B6-971E77624B5D}"
EndProject
Project("{9A19103F-16F7-4668-BE54-9A1E7A4F7556}") = "NetFusion.Web.Mvc", "src\Infrastructure\NetFusion.Web.Mvc\NetFusion.Web.Mvc.csproj", "{8E2ADED7-B372-409E-B229-20F3F36243CE}"
EndProject
Project("{9A19103F-16F7-4668-BE54-9A1E7A4F7556}") = "NetFusion.Domain.Patterns", "src\Domain\NetFusion.Domain.Patterns\NetFusion.Domain.Patterns.csproj", "{421A5B56-8379-48CB-AC3C-09B31769E9A4}"
EndProject
Project("{9A19103F-16F7-4668-BE54-9A1E7A4F7556}") = "DomainTests", "test\DomainTests\DomainTests.csproj", "{15A685CE-B27F-437C-9D65-90F6B9D38047}"
EndProject
Project("{2150E333-8FDC-42A3-9474-1A3956D46DE8}") = "Utilities", "Utilities", "{52784779-B3B6-47E8-AD88-89E2477FB830}"
EndProject
Project("{9A19103F-16F7-4668-BE54-9A1E7A4F7556}") = "NetFusion.RabbitMQ.MongoDB", "src\Integration\NetFusion.RabbitMQ.MongoDB\NetFusion.RabbitMQ.MongoDB.csproj", "{939E85A1-B51D-46FF-B0C8-71B3709BEC74}"
EndProject
Project("{9A19103F-16F7-4668-BE54-9A1E7A4F7556}") = "NetFusion.Domain.MongoDB", "src\Integration\NetFusion.Domain.MongoDB\NetFusion.Domain.MongoDB.csproj", "{DC55A0D6-B839-4BBA-B02D-06453A691FAA}"
EndProject
Project("{9A19103F-16F7-4668-BE54-9A1E7A4F7556}") = "NetFusion.Utilities.Mapping", "src\Utilities\NetFusion.Utilities.Mapping\NetFusion.Utilities.Mapping.csproj", "{74AC155C-68CC-48AB-91FC-1E89EA5E2332}"
EndProject
Project("{9A19103F-16F7-4668-BE54-9A1E7A4F7556}") = "NetFusion.Utilities.Validation", "src\Utilities\NetFusion.Utilities.Validation\NetFusion.Utilities.Validation.csproj", "{94398201-53EA-457C-B81B-D6A5EEAD586D}"
EndProject
Project("{9A19103F-16F7-4668-BE54-9A1E7A4F7556}") = "UtilitiesTests", "test\UtilitiesTests\UtilitiesTests.csproj", "{B5F94BA2-C0B1-496A-8D33-377D87F554EB}"
EndProject
Project("{9A19103F-16F7-4668-BE54-9A1E7A4F7556}") = "NetFusion.Domain.Roslyn", "src\Integration\NetFusion.Domain.Roslyn\NetFusion.Domain.Roslyn.csproj", "{315646BC-01B5-4E73-8C7D-95673F151AA0}"
EndProject
Project("{9A19103F-16F7-4668-BE54-9A1E7A4F7556}") = "NetFusion.Rest.Common", "src\Infrastructure\NetFusion.Rest.Common\NetFusion.Rest.Common.csproj", "{6DB1C50C-CCA3-4E16-9183-5E4AADB56A27}"
EndProject
Project("{9A19103F-16F7-4668-BE54-9A1E7A4F7556}") = "NetFusion.Rest.Resources", "src\Infrastructure\NetFusion.Rest.Resources\NetFusion.Rest.Resources.csproj", "{0AFE34CE-A289-4B0D-9D20-C9E609686BBA}"
EndProject
Project("{9A19103F-16F7-4668-BE54-9A1E7A4F7556}") = "NetFusion.Rest.Config", "src\Infrastructure\NetFusion.Rest.Config\NetFusion.Rest.Config.csproj", "{90067968-65BB-4083-86E0-6C6AE8619270}"
EndProject
Project("{9A19103F-16F7-4668-BE54-9A1E7A4F7556}") = "NetFusion.Rest.Client", "src\Infrastructure\NetFusion.Rest.Client\NetFusion.Rest.Client.csproj", "{5957F25E-E1BE-47EF-873D-EB6BA816079E}"
EndProject
Project("{9A19103F-16F7-4668-BE54-9A1E7A4F7556}") = "NetFusion.Rest.Server", "src\Infrastructure\NetFusion.Rest.Server\NetFusion.Rest.Server.csproj", "{ACED7644-0F4E-4F3B-983D-FFA9A5E091E5}"
EndProject
Global
	GlobalSection(SolutionConfigurationPlatforms) = preSolution
		Debug|Any CPU = Debug|Any CPU
		Release|Any CPU = Release|Any CPU
	EndGlobalSection
	GlobalSection(ProjectConfigurationPlatforms) = postSolution
		{9A195923-5D6D-499A-867C-FA3A4EE74CF5}.Debug|Any CPU.ActiveCfg = Debug|Any CPU
		{9A195923-5D6D-499A-867C-FA3A4EE74CF5}.Debug|Any CPU.Build.0 = Debug|Any CPU
		{9A195923-5D6D-499A-867C-FA3A4EE74CF5}.Release|Any CPU.ActiveCfg = Release|Any CPU
		{9A195923-5D6D-499A-867C-FA3A4EE74CF5}.Release|Any CPU.Build.0 = Release|Any CPU
		{6ADFCD20-9A03-4BE8-B03A-7353AAEAB154}.Debug|Any CPU.ActiveCfg = Debug|Any CPU
		{6ADFCD20-9A03-4BE8-B03A-7353AAEAB154}.Debug|Any CPU.Build.0 = Debug|Any CPU
		{6ADFCD20-9A03-4BE8-B03A-7353AAEAB154}.Release|Any CPU.ActiveCfg = Release|Any CPU
		{6ADFCD20-9A03-4BE8-B03A-7353AAEAB154}.Release|Any CPU.Build.0 = Release|Any CPU
		{AB615F4E-489A-4F94-ACC8-DA87FF767298}.Debug|Any CPU.ActiveCfg = Debug|Any CPU
		{AB615F4E-489A-4F94-ACC8-DA87FF767298}.Debug|Any CPU.Build.0 = Debug|Any CPU
		{AB615F4E-489A-4F94-ACC8-DA87FF767298}.Release|Any CPU.ActiveCfg = Release|Any CPU
		{AB615F4E-489A-4F94-ACC8-DA87FF767298}.Release|Any CPU.Build.0 = Release|Any CPU
		{B6C63E9C-CDE2-4B8F-B81E-BF0435A99D72}.Debug|Any CPU.ActiveCfg = Debug|Any CPU
		{B6C63E9C-CDE2-4B8F-B81E-BF0435A99D72}.Debug|Any CPU.Build.0 = Debug|Any CPU
		{B6C63E9C-CDE2-4B8F-B81E-BF0435A99D72}.Release|Any CPU.ActiveCfg = Release|Any CPU
		{B6C63E9C-CDE2-4B8F-B81E-BF0435A99D72}.Release|Any CPU.Build.0 = Release|Any CPU
		{E0BF015D-F4DA-45EF-98C0-B18A4A6A8E66}.Debug|Any CPU.ActiveCfg = Debug|Any CPU
		{E0BF015D-F4DA-45EF-98C0-B18A4A6A8E66}.Debug|Any CPU.Build.0 = Debug|Any CPU
		{E0BF015D-F4DA-45EF-98C0-B18A4A6A8E66}.Release|Any CPU.ActiveCfg = Release|Any CPU
		{E0BF015D-F4DA-45EF-98C0-B18A4A6A8E66}.Release|Any CPU.Build.0 = Release|Any CPU
		{F0A623E2-E25C-4515-A8C8-31E80A24D0C5}.Debug|Any CPU.ActiveCfg = Debug|Any CPU
		{F0A623E2-E25C-4515-A8C8-31E80A24D0C5}.Debug|Any CPU.Build.0 = Debug|Any CPU
		{F0A623E2-E25C-4515-A8C8-31E80A24D0C5}.Release|Any CPU.ActiveCfg = Release|Any CPU
		{F0A623E2-E25C-4515-A8C8-31E80A24D0C5}.Release|Any CPU.Build.0 = Release|Any CPU
		{9489EB8B-17EB-481B-B2F5-D2D63FA7C5B7}.Debug|Any CPU.ActiveCfg = Debug|Any CPU
		{9489EB8B-17EB-481B-B2F5-D2D63FA7C5B7}.Debug|Any CPU.Build.0 = Debug|Any CPU
		{9489EB8B-17EB-481B-B2F5-D2D63FA7C5B7}.Release|Any CPU.ActiveCfg = Release|Any CPU
		{9489EB8B-17EB-481B-B2F5-D2D63FA7C5B7}.Release|Any CPU.Build.0 = Release|Any CPU
		{31321DCC-701B-4E3F-9BF5-A06D2C67947B}.Debug|Any CPU.ActiveCfg = Debug|Any CPU
		{31321DCC-701B-4E3F-9BF5-A06D2C67947B}.Debug|Any CPU.Build.0 = Debug|Any CPU
		{31321DCC-701B-4E3F-9BF5-A06D2C67947B}.Release|Any CPU.ActiveCfg = Release|Any CPU
		{31321DCC-701B-4E3F-9BF5-A06D2C67947B}.Release|Any CPU.Build.0 = Release|Any CPU
		{BBCD9D22-4496-4E40-9710-AEF0806AE310}.Debug|Any CPU.ActiveCfg = Debug|Any CPU
		{BBCD9D22-4496-4E40-9710-AEF0806AE310}.Debug|Any CPU.Build.0 = Debug|Any CPU
		{BBCD9D22-4496-4E40-9710-AEF0806AE310}.Release|Any CPU.ActiveCfg = Release|Any CPU
		{BBCD9D22-4496-4E40-9710-AEF0806AE310}.Release|Any CPU.Build.0 = Release|Any CPU
		{ECBA8166-FC73-48C8-AD81-53472EFC521C}.Debug|Any CPU.ActiveCfg = Debug|Any CPU
		{ECBA8166-FC73-48C8-AD81-53472EFC521C}.Debug|Any CPU.Build.0 = Debug|Any CPU
		{ECBA8166-FC73-48C8-AD81-53472EFC521C}.Release|Any CPU.ActiveCfg = Release|Any CPU
		{ECBA8166-FC73-48C8-AD81-53472EFC521C}.Release|Any CPU.Build.0 = Release|Any CPU
		{C9D16E27-C8F0-4589-9D59-0D267C1F4676}.Debug|Any CPU.ActiveCfg = Debug|Any CPU
		{C9D16E27-C8F0-4589-9D59-0D267C1F4676}.Debug|Any CPU.Build.0 = Debug|Any CPU
		{C9D16E27-C8F0-4589-9D59-0D267C1F4676}.Release|Any CPU.ActiveCfg = Release|Any CPU
		{C9D16E27-C8F0-4589-9D59-0D267C1F4676}.Release|Any CPU.Build.0 = Release|Any CPU
		{C24176FF-AC25-4166-9032-45D05D9C21BF}.Debug|Any CPU.ActiveCfg = Debug|Any CPU
		{C24176FF-AC25-4166-9032-45D05D9C21BF}.Debug|Any CPU.Build.0 = Debug|Any CPU
		{C24176FF-AC25-4166-9032-45D05D9C21BF}.Release|Any CPU.ActiveCfg = Release|Any CPU
		{C24176FF-AC25-4166-9032-45D05D9C21BF}.Release|Any CPU.Build.0 = Release|Any CPU
		{71AEE71B-F78C-485B-BE2F-F53FC45451F6}.Debug|Any CPU.ActiveCfg = Debug|Any CPU
		{71AEE71B-F78C-485B-BE2F-F53FC45451F6}.Debug|Any CPU.Build.0 = Debug|Any CPU
		{71AEE71B-F78C-485B-BE2F-F53FC45451F6}.Release|Any CPU.ActiveCfg = Release|Any CPU
		{71AEE71B-F78C-485B-BE2F-F53FC45451F6}.Release|Any CPU.Build.0 = Release|Any CPU
		{8965A7CB-8228-4E12-8713-F50D0105C20E}.Debug|Any CPU.ActiveCfg = Debug|Any CPU
		{8965A7CB-8228-4E12-8713-F50D0105C20E}.Debug|Any CPU.Build.0 = Debug|Any CPU
		{8965A7CB-8228-4E12-8713-F50D0105C20E}.Release|Any CPU.ActiveCfg = Release|Any CPU
		{8965A7CB-8228-4E12-8713-F50D0105C20E}.Release|Any CPU.Build.0 = Release|Any CPU
		{4018995E-8156-498F-810A-C6DC95A3F5BD}.Debug|Any CPU.ActiveCfg = Debug|Any CPU
		{4018995E-8156-498F-810A-C6DC95A3F5BD}.Debug|Any CPU.Build.0 = Debug|Any CPU
		{4018995E-8156-498F-810A-C6DC95A3F5BD}.Release|Any CPU.ActiveCfg = Release|Any CPU
		{4018995E-8156-498F-810A-C6DC95A3F5BD}.Release|Any CPU.Build.0 = Release|Any CPU
		{55545AEA-542B-4CC1-B822-9351D4185D34}.Debug|Any CPU.ActiveCfg = Debug|Any CPU
		{55545AEA-542B-4CC1-B822-9351D4185D34}.Debug|Any CPU.Build.0 = Debug|Any CPU
		{55545AEA-542B-4CC1-B822-9351D4185D34}.Release|Any CPU.ActiveCfg = Release|Any CPU
		{55545AEA-542B-4CC1-B822-9351D4185D34}.Release|Any CPU.Build.0 = Release|Any CPU
		{0D4F9B78-16EC-4C20-806F-AC7E3D4F2D03}.Debug|Any CPU.ActiveCfg = Debug|Any CPU
		{0D4F9B78-16EC-4C20-806F-AC7E3D4F2D03}.Debug|Any CPU.Build.0 = Debug|Any CPU
		{0D4F9B78-16EC-4C20-806F-AC7E3D4F2D03}.Release|Any CPU.ActiveCfg = Release|Any CPU
		{0D4F9B78-16EC-4C20-806F-AC7E3D4F2D03}.Release|Any CPU.Build.0 = Release|Any CPU
		{6D66B270-5FE3-46C5-BBD3-54C1C519CEEC}.Debug|Any CPU.ActiveCfg = Debug|Any CPU
		{6D66B270-5FE3-46C5-BBD3-54C1C519CEEC}.Debug|Any CPU.Build.0 = Debug|Any CPU
		{6D66B270-5FE3-46C5-BBD3-54C1C519CEEC}.Release|Any CPU.ActiveCfg = Release|Any CPU
		{6D66B270-5FE3-46C5-BBD3-54C1C519CEEC}.Release|Any CPU.Build.0 = Release|Any CPU
		{F4443063-95FD-463A-B4BD-36A25D63AF2E}.Debug|Any CPU.ActiveCfg = Debug|Any CPU
		{F4443063-95FD-463A-B4BD-36A25D63AF2E}.Debug|Any CPU.Build.0 = Debug|Any CPU
		{F4443063-95FD-463A-B4BD-36A25D63AF2E}.Release|Any CPU.ActiveCfg = Release|Any CPU
		{F4443063-95FD-463A-B4BD-36A25D63AF2E}.Release|Any CPU.Build.0 = Release|Any CPU
		{B01EB0BE-09D1-41B3-85B6-971E77624B5D}.Debug|Any CPU.ActiveCfg = Debug|Any CPU
		{B01EB0BE-09D1-41B3-85B6-971E77624B5D}.Debug|Any CPU.Build.0 = Debug|Any CPU
		{B01EB0BE-09D1-41B3-85B6-971E77624B5D}.Release|Any CPU.ActiveCfg = Release|Any CPU
		{B01EB0BE-09D1-41B3-85B6-971E77624B5D}.Release|Any CPU.Build.0 = Release|Any CPU
		{8E2ADED7-B372-409E-B229-20F3F36243CE}.Debug|Any CPU.ActiveCfg = Debug|Any CPU
		{8E2ADED7-B372-409E-B229-20F3F36243CE}.Debug|Any CPU.Build.0 = Debug|Any CPU
		{8E2ADED7-B372-409E-B229-20F3F36243CE}.Release|Any CPU.ActiveCfg = Release|Any CPU
		{8E2ADED7-B372-409E-B229-20F3F36243CE}.Release|Any CPU.Build.0 = Release|Any CPU
		{421A5B56-8379-48CB-AC3C-09B31769E9A4}.Debug|Any CPU.ActiveCfg = Debug|Any CPU
		{421A5B56-8379-48CB-AC3C-09B31769E9A4}.Debug|Any CPU.Build.0 = Debug|Any CPU
		{421A5B56-8379-48CB-AC3C-09B31769E9A4}.Release|Any CPU.ActiveCfg = Release|Any CPU
		{421A5B56-8379-48CB-AC3C-09B31769E9A4}.Release|Any CPU.Build.0 = Release|Any CPU
		{15A685CE-B27F-437C-9D65-90F6B9D38047}.Debug|Any CPU.ActiveCfg = Debug|Any CPU
		{15A685CE-B27F-437C-9D65-90F6B9D38047}.Debug|Any CPU.Build.0 = Debug|Any CPU
		{15A685CE-B27F-437C-9D65-90F6B9D38047}.Release|Any CPU.ActiveCfg = Release|Any CPU
		{15A685CE-B27F-437C-9D65-90F6B9D38047}.Release|Any CPU.Build.0 = Release|Any CPU
		{939E85A1-B51D-46FF-B0C8-71B3709BEC74}.Debug|Any CPU.ActiveCfg = Debug|Any CPU
		{939E85A1-B51D-46FF-B0C8-71B3709BEC74}.Debug|Any CPU.Build.0 = Debug|Any CPU
		{939E85A1-B51D-46FF-B0C8-71B3709BEC74}.Release|Any CPU.ActiveCfg = Release|Any CPU
		{939E85A1-B51D-46FF-B0C8-71B3709BEC74}.Release|Any CPU.Build.0 = Release|Any CPU
		{DC55A0D6-B839-4BBA-B02D-06453A691FAA}.Debug|Any CPU.ActiveCfg = Debug|Any CPU
		{DC55A0D6-B839-4BBA-B02D-06453A691FAA}.Debug|Any CPU.Build.0 = Debug|Any CPU
		{DC55A0D6-B839-4BBA-B02D-06453A691FAA}.Release|Any CPU.ActiveCfg = Release|Any CPU
		{DC55A0D6-B839-4BBA-B02D-06453A691FAA}.Release|Any CPU.Build.0 = Release|Any CPU
		{74AC155C-68CC-48AB-91FC-1E89EA5E2332}.Debug|Any CPU.ActiveCfg = Debug|Any CPU
		{74AC155C-68CC-48AB-91FC-1E89EA5E2332}.Debug|Any CPU.Build.0 = Debug|Any CPU
		{74AC155C-68CC-48AB-91FC-1E89EA5E2332}.Release|Any CPU.ActiveCfg = Release|Any CPU
		{74AC155C-68CC-48AB-91FC-1E89EA5E2332}.Release|Any CPU.Build.0 = Release|Any CPU
		{94398201-53EA-457C-B81B-D6A5EEAD586D}.Debug|Any CPU.ActiveCfg = Debug|Any CPU
		{94398201-53EA-457C-B81B-D6A5EEAD586D}.Debug|Any CPU.Build.0 = Debug|Any CPU
		{94398201-53EA-457C-B81B-D6A5EEAD586D}.Release|Any CPU.ActiveCfg = Release|Any CPU
		{94398201-53EA-457C-B81B-D6A5EEAD586D}.Release|Any CPU.Build.0 = Release|Any CPU
		{B5F94BA2-C0B1-496A-8D33-377D87F554EB}.Debug|Any CPU.ActiveCfg = Debug|Any CPU
		{B5F94BA2-C0B1-496A-8D33-377D87F554EB}.Debug|Any CPU.Build.0 = Debug|Any CPU
		{B5F94BA2-C0B1-496A-8D33-377D87F554EB}.Release|Any CPU.ActiveCfg = Release|Any CPU
		{B5F94BA2-C0B1-496A-8D33-377D87F554EB}.Release|Any CPU.Build.0 = Release|Any CPU
		{315646BC-01B5-4E73-8C7D-95673F151AA0}.Debug|Any CPU.ActiveCfg = Debug|Any CPU
		{315646BC-01B5-4E73-8C7D-95673F151AA0}.Debug|Any CPU.Build.0 = Debug|Any CPU
		{315646BC-01B5-4E73-8C7D-95673F151AA0}.Release|Any CPU.ActiveCfg = Release|Any CPU
		{315646BC-01B5-4E73-8C7D-95673F151AA0}.Release|Any CPU.Build.0 = Release|Any CPU
		{6DB1C50C-CCA3-4E16-9183-5E4AADB56A27}.Debug|Any CPU.ActiveCfg = Debug|Any CPU
		{6DB1C50C-CCA3-4E16-9183-5E4AADB56A27}.Debug|Any CPU.Build.0 = Debug|Any CPU
		{6DB1C50C-CCA3-4E16-9183-5E4AADB56A27}.Release|Any CPU.ActiveCfg = Release|Any CPU
		{6DB1C50C-CCA3-4E16-9183-5E4AADB56A27}.Release|Any CPU.Build.0 = Release|Any CPU
		{0AFE34CE-A289-4B0D-9D20-C9E609686BBA}.Debug|Any CPU.ActiveCfg = Debug|Any CPU
		{0AFE34CE-A289-4B0D-9D20-C9E609686BBA}.Debug|Any CPU.Build.0 = Debug|Any CPU
		{0AFE34CE-A289-4B0D-9D20-C9E609686BBA}.Release|Any CPU.ActiveCfg = Release|Any CPU
		{0AFE34CE-A289-4B0D-9D20-C9E609686BBA}.Release|Any CPU.Build.0 = Release|Any CPU
		{90067968-65BB-4083-86E0-6C6AE8619270}.Debug|Any CPU.ActiveCfg = Debug|Any CPU
		{90067968-65BB-4083-86E0-6C6AE8619270}.Debug|Any CPU.Build.0 = Debug|Any CPU
		{90067968-65BB-4083-86E0-6C6AE8619270}.Release|Any CPU.ActiveCfg = Release|Any CPU
		{90067968-65BB-4083-86E0-6C6AE8619270}.Release|Any CPU.Build.0 = Release|Any CPU
		{5957F25E-E1BE-47EF-873D-EB6BA816079E}.Debug|Any CPU.ActiveCfg = Debug|Any CPU
		{5957F25E-E1BE-47EF-873D-EB6BA816079E}.Debug|Any CPU.Build.0 = Debug|Any CPU
		{5957F25E-E1BE-47EF-873D-EB6BA816079E}.Release|Any CPU.ActiveCfg = Release|Any CPU
		{5957F25E-E1BE-47EF-873D-EB6BA816079E}.Release|Any CPU.Build.0 = Release|Any CPU
		{ACED7644-0F4E-4F3B-983D-FFA9A5E091E5}.Debug|Any CPU.ActiveCfg = Debug|Any CPU
		{ACED7644-0F4E-4F3B-983D-FFA9A5E091E5}.Debug|Any CPU.Build.0 = Debug|Any CPU
		{ACED7644-0F4E-4F3B-983D-FFA9A5E091E5}.Release|Any CPU.ActiveCfg = Release|Any CPU
		{ACED7644-0F4E-4F3B-983D-FFA9A5E091E5}.Release|Any CPU.Build.0 = Release|Any CPU
	EndGlobalSection
	GlobalSection(SolutionProperties) = preSolution
		HideSolutionNode = FALSE
	EndGlobalSection
	GlobalSection(NestedProjects) = preSolution
		{3B81A3E8-25A7-4473-BDA9-36B6D7FED4D6} = {DC3424EC-2E9B-4653-AB4C-9BB89637B0EF}
		{D1F41609-AA70-445F-A484-B23D36D84F87} = {DC3424EC-2E9B-4653-AB4C-9BB89637B0EF}
		{21805046-B58F-4B99-8997-8E2E7EC99D2F} = {DC3424EC-2E9B-4653-AB4C-9BB89637B0EF}
		{1EEBF08A-7413-403E-8A4E-EB9E8C96CD00} = {DC3424EC-2E9B-4653-AB4C-9BB89637B0EF}
		{736BE3AC-4F29-4584-822C-93E70561FF4F} = {DC3424EC-2E9B-4653-AB4C-9BB89637B0EF}
		{9A195923-5D6D-499A-867C-FA3A4EE74CF5} = {736BE3AC-4F29-4584-822C-93E70561FF4F}
		{6ADFCD20-9A03-4BE8-B03A-7353AAEAB154} = {736BE3AC-4F29-4584-822C-93E70561FF4F}
		{AB615F4E-489A-4F94-ACC8-DA87FF767298} = {3B81A3E8-25A7-4473-BDA9-36B6D7FED4D6}
		{B6C63E9C-CDE2-4B8F-B81E-BF0435A99D72} = {D1F41609-AA70-445F-A484-B23D36D84F87}
		{E0BF015D-F4DA-45EF-98C0-B18A4A6A8E66} = {D1F41609-AA70-445F-A484-B23D36D84F87}
		{F0A623E2-E25C-4515-A8C8-31E80A24D0C5} = {3B81A3E8-25A7-4473-BDA9-36B6D7FED4D6}
		{9489EB8B-17EB-481B-B2F5-D2D63FA7C5B7} = {3B81A3E8-25A7-4473-BDA9-36B6D7FED4D6}
		{31321DCC-701B-4E3F-9BF5-A06D2C67947B} = {3B81A3E8-25A7-4473-BDA9-36B6D7FED4D6}
		{BBCD9D22-4496-4E40-9710-AEF0806AE310} = {3B81A3E8-25A7-4473-BDA9-36B6D7FED4D6}
		{ECBA8166-FC73-48C8-AD81-53472EFC521C} = {21805046-B58F-4B99-8997-8E2E7EC99D2F}
		{C9D16E27-C8F0-4589-9D59-0D267C1F4676} = {21805046-B58F-4B99-8997-8E2E7EC99D2F}
		{C24176FF-AC25-4166-9032-45D05D9C21BF} = {21805046-B58F-4B99-8997-8E2E7EC99D2F}
		{71AEE71B-F78C-485B-BE2F-F53FC45451F6} = {1EEBF08A-7413-403E-8A4E-EB9E8C96CD00}
		{8965A7CB-8228-4E12-8713-F50D0105C20E} = {32232913-3E63-4EE3-8DC1-2FCB6717198F}
		{4018995E-8156-498F-810A-C6DC95A3F5BD} = {32232913-3E63-4EE3-8DC1-2FCB6717198F}
		{55545AEA-542B-4CC1-B822-9351D4185D34} = {32232913-3E63-4EE3-8DC1-2FCB6717198F}
		{0D4F9B78-16EC-4C20-806F-AC7E3D4F2D03} = {32232913-3E63-4EE3-8DC1-2FCB6717198F}
		{6D66B270-5FE3-46C5-BBD3-54C1C519CEEC} = {0DDA7505-1160-49A0-A0BF-055F488F1608}
		{F4443063-95FD-463A-B4BD-36A25D63AF2E} = {0DDA7505-1160-49A0-A0BF-055F488F1608}
		{B01EB0BE-09D1-41B3-85B6-971E77624B5D} = {0DDA7505-1160-49A0-A0BF-055F488F1608}
		{8E2ADED7-B372-409E-B229-20F3F36243CE} = {21805046-B58F-4B99-8997-8E2E7EC99D2F}
		{421A5B56-8379-48CB-AC3C-09B31769E9A4} = {D1F41609-AA70-445F-A484-B23D36D84F87}
		{15A685CE-B27F-437C-9D65-90F6B9D38047} = {32232913-3E63-4EE3-8DC1-2FCB6717198F}
		{52784779-B3B6-47E8-AD88-89E2477FB830} = {DC3424EC-2E9B-4653-AB4C-9BB89637B0EF}
		{939E85A1-B51D-46FF-B0C8-71B3709BEC74} = {1EEBF08A-7413-403E-8A4E-EB9E8C96CD00}
		{DC55A0D6-B839-4BBA-B02D-06453A691FAA} = {1EEBF08A-7413-403E-8A4E-EB9E8C96CD00}
		{74AC155C-68CC-48AB-91FC-1E89EA5E2332} = {52784779-B3B6-47E8-AD88-89E2477FB830}
		{94398201-53EA-457C-B81B-D6A5EEAD586D} = {52784779-B3B6-47E8-AD88-89E2477FB830}
		{B5F94BA2-C0B1-496A-8D33-377D87F554EB} = {32232913-3E63-4EE3-8DC1-2FCB6717198F}
		{315646BC-01B5-4E73-8C7D-95673F151AA0} = {1EEBF08A-7413-403E-8A4E-EB9E8C96CD00}
		{6DB1C50C-CCA3-4E16-9183-5E4AADB56A27} = {21805046-B58F-4B99-8997-8E2E7EC99D2F}
		{0AFE34CE-A289-4B0D-9D20-C9E609686BBA} = {21805046-B58F-4B99-8997-8E2E7EC99D2F}
		{90067968-65BB-4083-86E0-6C6AE8619270} = {21805046-B58F-4B99-8997-8E2E7EC99D2F}
		{5957F25E-E1BE-47EF-873D-EB6BA816079E} = {21805046-B58F-4B99-8997-8E2E7EC99D2F}
		{ACED7644-0F4E-4F3B-983D-FFA9A5E091E5} = {21805046-B58F-4B99-8997-8E2E7EC99D2F}
	EndGlobalSection
EndGlobal
