
Microsoft Visual Studio Solution File, Format Version 12.00
# Visual Studio 15
VisualStudioVersion = 15.0.26124.0
MinimumVisualStudioVersion = 15.0.26124.0
Project("{2150E333-8FDC-42A3-9474-1A3956D46DE8}") = "src", "src", "{23D16A63-C95B-492B-BC37-BBCCB9A135C5}"
EndProject
Project("{FAE04EC0-301F-11D3-BF4B-00C04F79EFBC}") = "Demo.Domain", "src\Demo.Domain\Demo.Domain.csproj", "{097FCBDB-C23B-451F-8A6E-E8837C019EA5}"
EndProject
Project("{FAE04EC0-301F-11D3-BF4B-00C04F79EFBC}") = "Demo.WebApi", "src\Demo.WebApi\Demo.WebApi.csproj", "{A8AB0820-E240-4537-AF9B-36707C91A2F1}"
EndProject
Project("{FAE04EC0-301F-11D3-BF4B-00C04F79EFBC}") = "Demo.App", "src\Demo.App\Demo.App.csproj", "{D0572783-8C7F-4E29-84AA-1954AB86C693}"
EndProject
Project("{FAE04EC0-301F-11D3-BF4B-00C04F79EFBC}") = "Demo.Infra", "src\Demo.Infra\Demo.Infra.csproj", "{F177BDA6-6FE5-4072-A893-3D7CC1DA97F7}"
EndProject
Project("{FAE04EC0-301F-11D3-BF4B-00C04F79EFBC}") = "Demo.Core", "src\Demo.Core\Demo.Core.csproj", "{CF58C10D-7F43-4DFC-8E31-271FDBA2778C}"
EndProject
Project("{FAE04EC0-301F-11D3-BF4B-00C04F79EFBC}") = "Demo.Subscriber", "src\Demo.Subscriber\Demo.Subscriber.csproj", "{952CFD61-C936-496D-BC2F-2212972BA86F}"
EndProject
Global
	GlobalSection(SolutionConfigurationPlatforms) = preSolution
		Debug|Any CPU = Debug|Any CPU
		Debug|x64 = Debug|x64
		Debug|x86 = Debug|x86
		Release|Any CPU = Release|Any CPU
		Release|x64 = Release|x64
		Release|x86 = Release|x86
	EndGlobalSection
	GlobalSection(SolutionProperties) = preSolution
		HideSolutionNode = FALSE
	EndGlobalSection
	GlobalSection(ProjectConfigurationPlatforms) = postSolution
		{097FCBDB-C23B-451F-8A6E-E8837C019EA5}.Debug|Any CPU.ActiveCfg = Debug|Any CPU
		{097FCBDB-C23B-451F-8A6E-E8837C019EA5}.Debug|Any CPU.Build.0 = Debug|Any CPU
		{097FCBDB-C23B-451F-8A6E-E8837C019EA5}.Debug|x64.ActiveCfg = Debug|Any CPU
		{097FCBDB-C23B-451F-8A6E-E8837C019EA5}.Debug|x64.Build.0 = Debug|Any CPU
		{097FCBDB-C23B-451F-8A6E-E8837C019EA5}.Debug|x86.ActiveCfg = Debug|Any CPU
		{097FCBDB-C23B-451F-8A6E-E8837C019EA5}.Debug|x86.Build.0 = Debug|Any CPU
		{097FCBDB-C23B-451F-8A6E-E8837C019EA5}.Release|Any CPU.ActiveCfg = Release|Any CPU
		{097FCBDB-C23B-451F-8A6E-E8837C019EA5}.Release|Any CPU.Build.0 = Release|Any CPU
		{097FCBDB-C23B-451F-8A6E-E8837C019EA5}.Release|x64.ActiveCfg = Release|Any CPU
		{097FCBDB-C23B-451F-8A6E-E8837C019EA5}.Release|x64.Build.0 = Release|Any CPU
		{097FCBDB-C23B-451F-8A6E-E8837C019EA5}.Release|x86.ActiveCfg = Release|Any CPU
		{097FCBDB-C23B-451F-8A6E-E8837C019EA5}.Release|x86.Build.0 = Release|Any CPU
		{A8AB0820-E240-4537-AF9B-36707C91A2F1}.Debug|Any CPU.ActiveCfg = Debug|Any CPU
		{A8AB0820-E240-4537-AF9B-36707C91A2F1}.Debug|Any CPU.Build.0 = Debug|Any CPU
		{A8AB0820-E240-4537-AF9B-36707C91A2F1}.Debug|x64.ActiveCfg = Debug|Any CPU
		{A8AB0820-E240-4537-AF9B-36707C91A2F1}.Debug|x64.Build.0 = Debug|Any CPU
		{A8AB0820-E240-4537-AF9B-36707C91A2F1}.Debug|x86.ActiveCfg = Debug|Any CPU
		{A8AB0820-E240-4537-AF9B-36707C91A2F1}.Debug|x86.Build.0 = Debug|Any CPU
		{A8AB0820-E240-4537-AF9B-36707C91A2F1}.Release|Any CPU.ActiveCfg = Release|Any CPU
		{A8AB0820-E240-4537-AF9B-36707C91A2F1}.Release|Any CPU.Build.0 = Release|Any CPU
		{A8AB0820-E240-4537-AF9B-36707C91A2F1}.Release|x64.ActiveCfg = Release|Any CPU
		{A8AB0820-E240-4537-AF9B-36707C91A2F1}.Release|x64.Build.0 = Release|Any CPU
		{A8AB0820-E240-4537-AF9B-36707C91A2F1}.Release|x86.ActiveCfg = Release|Any CPU
		{A8AB0820-E240-4537-AF9B-36707C91A2F1}.Release|x86.Build.0 = Release|Any CPU
		{D0572783-8C7F-4E29-84AA-1954AB86C693}.Debug|Any CPU.ActiveCfg = Debug|Any CPU
		{D0572783-8C7F-4E29-84AA-1954AB86C693}.Debug|Any CPU.Build.0 = Debug|Any CPU
		{D0572783-8C7F-4E29-84AA-1954AB86C693}.Debug|x64.ActiveCfg = Debug|Any CPU
		{D0572783-8C7F-4E29-84AA-1954AB86C693}.Debug|x64.Build.0 = Debug|Any CPU
		{D0572783-8C7F-4E29-84AA-1954AB86C693}.Debug|x86.ActiveCfg = Debug|Any CPU
		{D0572783-8C7F-4E29-84AA-1954AB86C693}.Debug|x86.Build.0 = Debug|Any CPU
		{D0572783-8C7F-4E29-84AA-1954AB86C693}.Release|Any CPU.ActiveCfg = Release|Any CPU
		{D0572783-8C7F-4E29-84AA-1954AB86C693}.Release|Any CPU.Build.0 = Release|Any CPU
		{D0572783-8C7F-4E29-84AA-1954AB86C693}.Release|x64.ActiveCfg = Release|Any CPU
		{D0572783-8C7F-4E29-84AA-1954AB86C693}.Release|x64.Build.0 = Release|Any CPU
		{D0572783-8C7F-4E29-84AA-1954AB86C693}.Release|x86.ActiveCfg = Release|Any CPU
		{D0572783-8C7F-4E29-84AA-1954AB86C693}.Release|x86.Build.0 = Release|Any CPU
		{F177BDA6-6FE5-4072-A893-3D7CC1DA97F7}.Debug|Any CPU.ActiveCfg = Debug|Any CPU
		{F177BDA6-6FE5-4072-A893-3D7CC1DA97F7}.Debug|Any CPU.Build.0 = Debug|Any CPU
		{F177BDA6-6FE5-4072-A893-3D7CC1DA97F7}.Debug|x64.ActiveCfg = Debug|Any CPU
		{F177BDA6-6FE5-4072-A893-3D7CC1DA97F7}.Debug|x64.Build.0 = Debug|Any CPU
		{F177BDA6-6FE5-4072-A893-3D7CC1DA97F7}.Debug|x86.ActiveCfg = Debug|Any CPU
		{F177BDA6-6FE5-4072-A893-3D7CC1DA97F7}.Debug|x86.Build.0 = Debug|Any CPU
		{F177BDA6-6FE5-4072-A893-3D7CC1DA97F7}.Release|Any CPU.ActiveCfg = Release|Any CPU
		{F177BDA6-6FE5-4072-A893-3D7CC1DA97F7}.Release|Any CPU.Build.0 = Release|Any CPU
		{F177BDA6-6FE5-4072-A893-3D7CC1DA97F7}.Release|x64.ActiveCfg = Release|Any CPU
		{F177BDA6-6FE5-4072-A893-3D7CC1DA97F7}.Release|x64.Build.0 = Release|Any CPU
		{F177BDA6-6FE5-4072-A893-3D7CC1DA97F7}.Release|x86.ActiveCfg = Release|Any CPU
		{F177BDA6-6FE5-4072-A893-3D7CC1DA97F7}.Release|x86.Build.0 = Release|Any CPU
		{CF58C10D-7F43-4DFC-8E31-271FDBA2778C}.Debug|Any CPU.ActiveCfg = Debug|Any CPU
		{CF58C10D-7F43-4DFC-8E31-271FDBA2778C}.Debug|Any CPU.Build.0 = Debug|Any CPU
		{CF58C10D-7F43-4DFC-8E31-271FDBA2778C}.Debug|x64.ActiveCfg = Debug|Any CPU
		{CF58C10D-7F43-4DFC-8E31-271FDBA2778C}.Debug|x64.Build.0 = Debug|Any CPU
		{CF58C10D-7F43-4DFC-8E31-271FDBA2778C}.Debug|x86.ActiveCfg = Debug|Any CPU
		{CF58C10D-7F43-4DFC-8E31-271FDBA2778C}.Debug|x86.Build.0 = Debug|Any CPU
		{CF58C10D-7F43-4DFC-8E31-271FDBA2778C}.Release|Any CPU.ActiveCfg = Release|Any CPU
		{CF58C10D-7F43-4DFC-8E31-271FDBA2778C}.Release|Any CPU.Build.0 = Release|Any CPU
		{CF58C10D-7F43-4DFC-8E31-271FDBA2778C}.Release|x64.ActiveCfg = Release|Any CPU
		{CF58C10D-7F43-4DFC-8E31-271FDBA2778C}.Release|x64.Build.0 = Release|Any CPU
		{CF58C10D-7F43-4DFC-8E31-271FDBA2778C}.Release|x86.ActiveCfg = Release|Any CPU
		{CF58C10D-7F43-4DFC-8E31-271FDBA2778C}.Release|x86.Build.0 = Release|Any CPU
		{952CFD61-C936-496D-BC2F-2212972BA86F}.Debug|Any CPU.ActiveCfg = Debug|Any CPU
		{952CFD61-C936-496D-BC2F-2212972BA86F}.Debug|Any CPU.Build.0 = Debug|Any CPU
		{952CFD61-C936-496D-BC2F-2212972BA86F}.Debug|x64.ActiveCfg = Debug|Any CPU
		{952CFD61-C936-496D-BC2F-2212972BA86F}.Debug|x64.Build.0 = Debug|Any CPU
		{952CFD61-C936-496D-BC2F-2212972BA86F}.Debug|x86.ActiveCfg = Debug|Any CPU
		{952CFD61-C936-496D-BC2F-2212972BA86F}.Debug|x86.Build.0 = Debug|Any CPU
		{952CFD61-C936-496D-BC2F-2212972BA86F}.Release|Any CPU.ActiveCfg = Release|Any CPU
		{952CFD61-C936-496D-BC2F-2212972BA86F}.Release|Any CPU.Build.0 = Release|Any CPU
		{952CFD61-C936-496D-BC2F-2212972BA86F}.Release|x64.ActiveCfg = Release|Any CPU
		{952CFD61-C936-496D-BC2F-2212972BA86F}.Release|x64.Build.0 = Release|Any CPU
		{952CFD61-C936-496D-BC2F-2212972BA86F}.Release|x86.ActiveCfg = Release|Any CPU
		{952CFD61-C936-496D-BC2F-2212972BA86F}.Release|x86.Build.0 = Release|Any CPU
	EndGlobalSection
	GlobalSection(NestedProjects) = preSolution
		{097FCBDB-C23B-451F-8A6E-E8837C019EA5} = {23D16A63-C95B-492B-BC37-BBCCB9A135C5}
		{A8AB0820-E240-4537-AF9B-36707C91A2F1} = {23D16A63-C95B-492B-BC37-BBCCB9A135C5}
		{D0572783-8C7F-4E29-84AA-1954AB86C693} = {23D16A63-C95B-492B-BC37-BBCCB9A135C5}
		{F177BDA6-6FE5-4072-A893-3D7CC1DA97F7} = {23D16A63-C95B-492B-BC37-BBCCB9A135C5}
		{CF58C10D-7F43-4DFC-8E31-271FDBA2778C} = {23D16A63-C95B-492B-BC37-BBCCB9A135C5}
		{952CFD61-C936-496D-BC2F-2212972BA86F} = {23D16A63-C95B-492B-BC37-BBCCB9A135C5}
	EndGlobalSection
EndGlobal
