Microsoft Visual Studio Solution File, Format Version 12.00
# Visual Studio 15
VisualStudioVersion = 15.0.27004.2008
MinimumVisualStudioVersion = 15.0.26124.0
Project("{2150E333-8FDC-42A3-9474-1A3956D46DE8}") = "src", "src", "{A9AA7E17-7706-4916-9540-E84BF30A9D25}"
EndProject
Project("{9A19103F-16F7-4668-BE54-9A1E7A4F7556}") = "Service.WebApi", "src\Service.WebApi\Service.WebApi.csproj", "{A0BC3EFB-0982-4995-B8F0-BDC1EC566D94}"
EndProject
Project("{2150E333-8FDC-42A3-9474-1A3956D46DE8}") = "Components", "Components", "{AF82CC24-DB7C-4C3B-8E56-30C13CDD4BCF}"
EndProject
Project("{9A19103F-16F7-4668-BE54-9A1E7A4F7556}") = "Service.App", "src\Components\Service.App\Service.App.csproj", "{9B116154-26A4-42F2-99F2-B0C5DCFE4AB3}"
EndProject
Project("{9A19103F-16F7-4668-BE54-9A1E7A4F7556}") = "Service.Domain", "src\Components\Service.Domain\Service.Domain.csproj", "{B0F2EF36-12D8-4C26-AFE6-E73F828EF582}"
EndProject
Project("{9A19103F-16F7-4668-BE54-9A1E7A4F7556}") = "Service.Infra", "src\Components\Service.Infra\Service.Infra.csproj", "{6940BAE2-89FB-430E-B1DD-38B68719F4D0}"
EndProject
Project("{FAE04EC0-301F-11D3-BF4B-00C04F79EFBC}") = "Service.Client", "src\Service.Client\Service.Client.csproj", "{ED012ED9-9C3A-41F1-84D5-423F8A3D3B5F}"
EndProject
Global
	GlobalSection(SolutionConfigurationPlatforms) = preSolution
		Debug|Any CPU = Debug|Any CPU
		Debug|x64 = Debug|x64
		Debug|x86 = Debug|x86
		Release|Any CPU = Release|Any CPU
		Release|x64 = Release|x64
		Release|x86 = Release|x86
	EndGlobalSection
	GlobalSection(ProjectConfigurationPlatforms) = postSolution
		{A0BC3EFB-0982-4995-B8F0-BDC1EC566D94}.Debug|Any CPU.ActiveCfg = Debug|Any CPU
		{A0BC3EFB-0982-4995-B8F0-BDC1EC566D94}.Debug|Any CPU.Build.0 = Debug|Any CPU
		{A0BC3EFB-0982-4995-B8F0-BDC1EC566D94}.Debug|x64.ActiveCfg = Debug|Any CPU
		{A0BC3EFB-0982-4995-B8F0-BDC1EC566D94}.Debug|x64.Build.0 = Debug|Any CPU
		{A0BC3EFB-0982-4995-B8F0-BDC1EC566D94}.Debug|x86.ActiveCfg = Debug|Any CPU
		{A0BC3EFB-0982-4995-B8F0-BDC1EC566D94}.Debug|x86.Build.0 = Debug|Any CPU
		{A0BC3EFB-0982-4995-B8F0-BDC1EC566D94}.Release|Any CPU.ActiveCfg = Release|Any CPU
		{A0BC3EFB-0982-4995-B8F0-BDC1EC566D94}.Release|Any CPU.Build.0 = Release|Any CPU
		{A0BC3EFB-0982-4995-B8F0-BDC1EC566D94}.Release|x64.ActiveCfg = Release|Any CPU
		{A0BC3EFB-0982-4995-B8F0-BDC1EC566D94}.Release|x64.Build.0 = Release|Any CPU
		{A0BC3EFB-0982-4995-B8F0-BDC1EC566D94}.Release|x86.ActiveCfg = Release|Any CPU
		{A0BC3EFB-0982-4995-B8F0-BDC1EC566D94}.Release|x86.Build.0 = Release|Any CPU
		{9B116154-26A4-42F2-99F2-B0C5DCFE4AB3}.Debug|Any CPU.ActiveCfg = Debug|Any CPU
		{9B116154-26A4-42F2-99F2-B0C5DCFE4AB3}.Debug|Any CPU.Build.0 = Debug|Any CPU
		{9B116154-26A4-42F2-99F2-B0C5DCFE4AB3}.Debug|x64.ActiveCfg = Debug|Any CPU
		{9B116154-26A4-42F2-99F2-B0C5DCFE4AB3}.Debug|x64.Build.0 = Debug|Any CPU
		{9B116154-26A4-42F2-99F2-B0C5DCFE4AB3}.Debug|x86.ActiveCfg = Debug|Any CPU
		{9B116154-26A4-42F2-99F2-B0C5DCFE4AB3}.Debug|x86.Build.0 = Debug|Any CPU
		{9B116154-26A4-42F2-99F2-B0C5DCFE4AB3}.Release|Any CPU.ActiveCfg = Release|Any CPU
		{9B116154-26A4-42F2-99F2-B0C5DCFE4AB3}.Release|Any CPU.Build.0 = Release|Any CPU
		{9B116154-26A4-42F2-99F2-B0C5DCFE4AB3}.Release|x64.ActiveCfg = Release|Any CPU
		{9B116154-26A4-42F2-99F2-B0C5DCFE4AB3}.Release|x64.Build.0 = Release|Any CPU
		{9B116154-26A4-42F2-99F2-B0C5DCFE4AB3}.Release|x86.ActiveCfg = Release|Any CPU
		{9B116154-26A4-42F2-99F2-B0C5DCFE4AB3}.Release|x86.Build.0 = Release|Any CPU
		{B0F2EF36-12D8-4C26-AFE6-E73F828EF582}.Debug|Any CPU.ActiveCfg = Debug|Any CPU
		{B0F2EF36-12D8-4C26-AFE6-E73F828EF582}.Debug|Any CPU.Build.0 = Debug|Any CPU
		{B0F2EF36-12D8-4C26-AFE6-E73F828EF582}.Debug|x64.ActiveCfg = Debug|Any CPU
		{B0F2EF36-12D8-4C26-AFE6-E73F828EF582}.Debug|x64.Build.0 = Debug|Any CPU
		{B0F2EF36-12D8-4C26-AFE6-E73F828EF582}.Debug|x86.ActiveCfg = Debug|Any CPU
		{B0F2EF36-12D8-4C26-AFE6-E73F828EF582}.Debug|x86.Build.0 = Debug|Any CPU
		{B0F2EF36-12D8-4C26-AFE6-E73F828EF582}.Release|Any CPU.ActiveCfg = Release|Any CPU
		{B0F2EF36-12D8-4C26-AFE6-E73F828EF582}.Release|Any CPU.Build.0 = Release|Any CPU
		{B0F2EF36-12D8-4C26-AFE6-E73F828EF582}.Release|x64.ActiveCfg = Release|Any CPU
		{B0F2EF36-12D8-4C26-AFE6-E73F828EF582}.Release|x64.Build.0 = Release|Any CPU
		{B0F2EF36-12D8-4C26-AFE6-E73F828EF582}.Release|x86.ActiveCfg = Release|Any CPU
		{B0F2EF36-12D8-4C26-AFE6-E73F828EF582}.Release|x86.Build.0 = Release|Any CPU
		{6940BAE2-89FB-430E-B1DD-38B68719F4D0}.Debug|Any CPU.ActiveCfg = Debug|Any CPU
		{6940BAE2-89FB-430E-B1DD-38B68719F4D0}.Debug|Any CPU.Build.0 = Debug|Any CPU
		{6940BAE2-89FB-430E-B1DD-38B68719F4D0}.Debug|x64.ActiveCfg = Debug|Any CPU
		{6940BAE2-89FB-430E-B1DD-38B68719F4D0}.Debug|x64.Build.0 = Debug|Any CPU
		{6940BAE2-89FB-430E-B1DD-38B68719F4D0}.Debug|x86.ActiveCfg = Debug|Any CPU
		{6940BAE2-89FB-430E-B1DD-38B68719F4D0}.Debug|x86.Build.0 = Debug|Any CPU
		{6940BAE2-89FB-430E-B1DD-38B68719F4D0}.Release|Any CPU.ActiveCfg = Release|Any CPU
		{6940BAE2-89FB-430E-B1DD-38B68719F4D0}.Release|Any CPU.Build.0 = Release|Any CPU
		{6940BAE2-89FB-430E-B1DD-38B68719F4D0}.Release|x64.ActiveCfg = Release|Any CPU
		{6940BAE2-89FB-430E-B1DD-38B68719F4D0}.Release|x64.Build.0 = Release|Any CPU
		{6940BAE2-89FB-430E-B1DD-38B68719F4D0}.Release|x86.ActiveCfg = Release|Any CPU
		{6940BAE2-89FB-430E-B1DD-38B68719F4D0}.Release|x86.Build.0 = Release|Any CPU
		{ED012ED9-9C3A-41F1-84D5-423F8A3D3B5F}.Debug|Any CPU.ActiveCfg = Debug|Any CPU
		{ED012ED9-9C3A-41F1-84D5-423F8A3D3B5F}.Debug|Any CPU.Build.0 = Debug|Any CPU
		{ED012ED9-9C3A-41F1-84D5-423F8A3D3B5F}.Debug|x64.ActiveCfg = Debug|Any CPU
		{ED012ED9-9C3A-41F1-84D5-423F8A3D3B5F}.Debug|x64.Build.0 = Debug|Any CPU
		{ED012ED9-9C3A-41F1-84D5-423F8A3D3B5F}.Debug|x86.ActiveCfg = Debug|Any CPU
		{ED012ED9-9C3A-41F1-84D5-423F8A3D3B5F}.Debug|x86.Build.0 = Debug|Any CPU
		{ED012ED9-9C3A-41F1-84D5-423F8A3D3B5F}.Release|Any CPU.ActiveCfg = Release|Any CPU
		{ED012ED9-9C3A-41F1-84D5-423F8A3D3B5F}.Release|Any CPU.Build.0 = Release|Any CPU
		{ED012ED9-9C3A-41F1-84D5-423F8A3D3B5F}.Release|x64.ActiveCfg = Release|Any CPU
		{ED012ED9-9C3A-41F1-84D5-423F8A3D3B5F}.Release|x64.Build.0 = Release|Any CPU
		{ED012ED9-9C3A-41F1-84D5-423F8A3D3B5F}.Release|x86.ActiveCfg = Release|Any CPU
		{ED012ED9-9C3A-41F1-84D5-423F8A3D3B5F}.Release|x86.Build.0 = Release|Any CPU
	EndGlobalSection
	GlobalSection(SolutionProperties) = preSolution
		HideSolutionNode = FALSE
	EndGlobalSection
	GlobalSection(NestedProjects) = preSolution
		{A0BC3EFB-0982-4995-B8F0-BDC1EC566D94} = {A9AA7E17-7706-4916-9540-E84BF30A9D25}
		{AF82CC24-DB7C-4C3B-8E56-30C13CDD4BCF} = {A9AA7E17-7706-4916-9540-E84BF30A9D25}
		{9B116154-26A4-42F2-99F2-B0C5DCFE4AB3} = {AF82CC24-DB7C-4C3B-8E56-30C13CDD4BCF}
		{B0F2EF36-12D8-4C26-AFE6-E73F828EF582} = {AF82CC24-DB7C-4C3B-8E56-30C13CDD4BCF}
		{6940BAE2-89FB-430E-B1DD-38B68719F4D0} = {AF82CC24-DB7C-4C3B-8E56-30C13CDD4BCF}
		{ED012ED9-9C3A-41F1-84D5-423F8A3D3B5F} = {A9AA7E17-7706-4916-9540-E84BF30A9D25}
	EndGlobalSection
	GlobalSection(ExtensibilityGlobals) = postSolution
		SolutionGuid = {FB47BA51-E71D-40BA-8994-40B2AD5598AF}
	EndGlobalSection
EndGlobal
