Microsoft Visual Studio Solution File, Format Version 12.00
# Visual Studio 15
VisualStudioVersion = 15.0.26124.0
MinimumVisualStudioVersion = 15.0.26124.0
Project("{2150E333-8FDC-42A3-9474-1A3956D46DE8}") = "src", "src", "{DC3424EC-2E9B-4653-AB4C-9BB89637B0EF}"
EndProject
Project("{2150E333-8FDC-42A3-9474-1A3956D46DE8}") = "test", "test", "{32232913-3E63-4EE3-8DC1-2FCB6717198F}"
EndProject
Project("{2150E333-8FDC-42A3-9474-1A3956D46DE8}") = "Core", "Core", "{3B81A3E8-25A7-4473-BDA9-36B6D7FED4D6}"
EndProject
Project("{2150E333-8FDC-42A3-9474-1A3956D46DE8}") = "Common", "Common", "{736BE3AC-4F29-4584-822C-93E70561FF4F}"
EndProject
Project("{9A19103F-16F7-4668-BE54-9A1E7A4F7556}") = "NetFusion.Common", "src\Common\NetFusion.Common\NetFusion.Common.csproj", "{9A195923-5D6D-499A-867C-FA3A4EE74CF5}"
EndProject
Project("{9A19103F-16F7-4668-BE54-9A1E7A4F7556}") = "NetFusion.Base", "src\Common\NetFusion.Base\NetFusion.Base.csproj", "{6ADFCD20-9A03-4BE8-B03A-7353AAEAB154}"
EndProject
Project("{9A19103F-16F7-4668-BE54-9A1E7A4F7556}") = "NetFusion.Bootstrap", "src\Core\NetFusion.Bootstrap\NetFusion.Bootstrap.csproj", "{AB615F4E-489A-4F94-ACC8-DA87FF767298}"
EndProject
Project("{9A19103F-16F7-4668-BE54-9A1E7A4F7556}") = "NetFusion.Settings", "src\Core\NetFusion.Settings\NetFusion.Settings.csproj", "{F0A623E2-E25C-4515-A8C8-31E80A24D0C5}"
EndProject
Project("{9A19103F-16F7-4668-BE54-9A1E7A4F7556}") = "NetFusion.Messaging", "src\Core\NetFusion.Messaging\NetFusion.Messaging.csproj", "{9489EB8B-17EB-481B-B2F5-D2D63FA7C5B7}"
EndProject
Project("{9A19103F-16F7-4668-BE54-9A1E7A4F7556}") = "NetFusion.Test", "src\Core\NetFusion.Test\NetFusion.Test.csproj", "{31321DCC-701B-4E3F-9BF5-A06D2C67947B}"
EndProject
Project("{9A19103F-16F7-4668-BE54-9A1E7A4F7556}") = "CommonTests", "test\CommonTests\CommonTests.csproj", "{8965A7CB-8228-4E12-8713-F50D0105C20E}"
EndProject
Project("{9A19103F-16F7-4668-BE54-9A1E7A4F7556}") = "CoreTests", "test\CoreTests\CoreTests.csproj", "{4018995E-8156-498F-810A-C6DC95A3F5BD}"
EndProject
Project("{9A19103F-16F7-4668-BE54-9A1E7A4F7556}") = "NetFusion.Messaging.Types", "src\Core\NetFusion.Messaging.Types\NetFusion.Messaging.Types.csproj", "{F58C6A10-A627-41D0-B1A0-972F12A8F31D}"
EndProject
Project("{9A19103F-16F7-4668-BE54-9A1E7A4F7556}") = "NetFusion.Mapping", "src\Common\NetFusion.Mapping\NetFusion.Mapping.csproj", "{851D5944-2D0C-4682-A5B3-389C4DD7F738}"
EndProject
Project("{2150E333-8FDC-42A3-9474-1A3956D46DE8}") = "Web", "Web", "{1F6BA04E-F6CA-47C1-AB79-CAFED0D805F4}"
EndProject
Project("{9A19103F-16F7-4668-BE54-9A1E7A4F7556}") = "NetFusion.Web.Mvc", "src\Web\NetFusion.Web.Mvc\NetFusion.Web.Mvc.csproj", "{8C4A761E-37C9-4BFB-8572-DF01BDABD50F}"
EndProject
Project("{9A19103F-16F7-4668-BE54-9A1E7A4F7556}") = "NetFusion.Rest.Common", "src\Web\NetFusion.Rest.Common\NetFusion.Rest.Common.csproj", "{64C570B6-C5A2-4B34-B7C4-D3768BCDDD5E}"
EndProject
Project("{9A19103F-16F7-4668-BE54-9A1E7A4F7556}") = "NetFusion.Rest.Client", "src\Web\NetFusion.Rest.Client\NetFusion.Rest.Client.csproj", "{5E238740-A08A-449D-80DF-320449D9AD25}"
EndProject
Project("{9A19103F-16F7-4668-BE54-9A1E7A4F7556}") = "NetFusion.Rest.Resources", "src\Web\NetFusion.Rest.Resources\NetFusion.Rest.Resources.csproj", "{314F1B78-EECA-4502-9263-9FE7F9108424}"
EndProject
Project("{9A19103F-16F7-4668-BE54-9A1E7A4F7556}") = "NetFusion.Rest.Server", "src\Web\NetFusion.Rest.Server\NetFusion.Rest.Server.csproj", "{83CC98A3-BB7E-413C-B816-638B910B6486}"
EndProject
Project("{9A19103F-16F7-4668-BE54-9A1E7A4F7556}") = "WebTests", "test\WebTests\WebTests.csproj", "{8AC44BB4-5DDD-4678-9E43-5F69AA22D5CD}"
EndProject
Project("{2150E333-8FDC-42A3-9474-1A3956D46DE8}") = "Integration", "Integration", "{0A108820-F110-4B36-A5CF-A59FC7C64955}"
EndProject
Project("{FAE04EC0-301F-11D3-BF4B-00C04F79EFBC}") = "NetFusion.RabbitMQ", "src\Integration\NetFusion.RabbitMq\NetFusion.RabbitMQ.csproj", "{CA3EB024-2802-479E-AB1D-E91E610BC737}"
EndProject
Project("{FAE04EC0-301F-11D3-BF4B-00C04F79EFBC}") = "IntegrationTests", "test\IntegrationTests\IntegrationTests.csproj", "{6FADAE3F-A2B0-4EFE-B595-294A3B4C7850}"
EndProject
Project("{FAE04EC0-301F-11D3-BF4B-00C04F79EFBC}") = "NetFusion.MongoDB", "src\Integration\NetFusion.MongoDB\NetFusion.MongoDB.csproj", "{A1DA5027-083F-4458-96BE-090E646029A6}"
EndProject
Project("{FAE04EC0-301F-11D3-BF4B-00C04F79EFBC}") = "NetFusion.Serialization", "src\Integration\NetFusion.Serialization\NetFusion.Serialization.csproj", "{960EA3B0-E46C-4B9E-BA7B-479F7CE9ABF7}"
EndProject
Project("{FAE04EC0-301F-11D3-BF4B-00C04F79EFBC}") = "NetFusion.Roslyn", "src\Integration\NetFusion.Roslyn\NetFusion.Roslyn.csproj", "{104CCFA1-3911-4FD3-AB1A-5DF45344BE5A}"
EndProject
Project("{FAE04EC0-301F-11D3-BF4B-00C04F79EFBC}") = "NetFusion.Redis", "src\Integration\NetFusion.Redis\NetFusion.Redis.csproj", "{FA660514-A51B-47E1-8050-942C98154C93}"
EndProject
Project("{FAE04EC0-301F-11D3-BF4B-00C04F79EFBC}") = "NetFusion.EntityFramework", "src\Integration\NetFusion.EntityFramework\NetFusion.EntityFramework.csproj", "{8621F7A2-0D98-4DA3-8053-4931C0582B78}"
EndProject
Project("{FAE04EC0-301F-11D3-BF4B-00C04F79EFBC}") = "NetFusion.AMQP", "src\Integration\NetFusion.AMQP\NetFusion.AMQP.csproj", "{A45E8665-9881-4A8D-B69D-E9CD7D3491B0}"
EndProject
Project("{FAE04EC0-301F-11D3-BF4B-00C04F79EFBC}") = "NetFusion.Builder", "src\Core\NetFusion.Builder\NetFusion.Builder.csproj", "{471A4AFA-4DB0-41C3-BA33-51666B4E5E01}"
EndProject
Project("{FAE04EC0-301F-11D3-BF4B-00C04F79EFBC}") = "NetFusion.Rest.Docs", "src\Web\NetFusion.Rest.Docs\NetFusion.Rest.Docs.csproj", "{18C48C9D-EF96-441D-9A4C-F07922BF39F8}"
EndProject
Project("{FAE04EC0-301F-11D3-BF4B-00C04F79EFBC}") = "NetFusion.Rest.CodeGen", "src\Web\NetFusion.Rest.CodeGen\NetFusion.Rest.CodeGen.csproj", "{34FC827E-FD67-487D-8BDF-F78A17F1A652}"
EndProject
Global
	GlobalSection(SolutionConfigurationPlatforms) = preSolution
		Debug|Any CPU = Debug|Any CPU
		Release|Any CPU = Release|Any CPU
	EndGlobalSection
	GlobalSection(ProjectConfigurationPlatforms) = postSolution
		{9A195923-5D6D-499A-867C-FA3A4EE74CF5}.Debug|Any CPU.ActiveCfg = Debug|Any CPU
		{9A195923-5D6D-499A-867C-FA3A4EE74CF5}.Debug|Any CPU.Build.0 = Debug|Any CPU
		{9A195923-5D6D-499A-867C-FA3A4EE74CF5}.Release|Any CPU.ActiveCfg = Release|Any CPU
		{9A195923-5D6D-499A-867C-FA3A4EE74CF5}.Release|Any CPU.Build.0 = Release|Any CPU
		{6ADFCD20-9A03-4BE8-B03A-7353AAEAB154}.Debug|Any CPU.ActiveCfg = Debug|Any CPU
		{6ADFCD20-9A03-4BE8-B03A-7353AAEAB154}.Debug|Any CPU.Build.0 = Debug|Any CPU
		{6ADFCD20-9A03-4BE8-B03A-7353AAEAB154}.Release|Any CPU.ActiveCfg = Release|Any CPU
		{6ADFCD20-9A03-4BE8-B03A-7353AAEAB154}.Release|Any CPU.Build.0 = Release|Any CPU
		{AB615F4E-489A-4F94-ACC8-DA87FF767298}.Debug|Any CPU.ActiveCfg = Debug|Any CPU
		{AB615F4E-489A-4F94-ACC8-DA87FF767298}.Debug|Any CPU.Build.0 = Debug|Any CPU
		{AB615F4E-489A-4F94-ACC8-DA87FF767298}.Release|Any CPU.ActiveCfg = Release|Any CPU
		{AB615F4E-489A-4F94-ACC8-DA87FF767298}.Release|Any CPU.Build.0 = Release|Any CPU
		{F0A623E2-E25C-4515-A8C8-31E80A24D0C5}.Debug|Any CPU.ActiveCfg = Debug|Any CPU
		{F0A623E2-E25C-4515-A8C8-31E80A24D0C5}.Debug|Any CPU.Build.0 = Debug|Any CPU
		{F0A623E2-E25C-4515-A8C8-31E80A24D0C5}.Release|Any CPU.ActiveCfg = Release|Any CPU
		{F0A623E2-E25C-4515-A8C8-31E80A24D0C5}.Release|Any CPU.Build.0 = Release|Any CPU
		{9489EB8B-17EB-481B-B2F5-D2D63FA7C5B7}.Debug|Any CPU.ActiveCfg = Debug|Any CPU
		{9489EB8B-17EB-481B-B2F5-D2D63FA7C5B7}.Debug|Any CPU.Build.0 = Debug|Any CPU
		{9489EB8B-17EB-481B-B2F5-D2D63FA7C5B7}.Release|Any CPU.ActiveCfg = Release|Any CPU
		{9489EB8B-17EB-481B-B2F5-D2D63FA7C5B7}.Release|Any CPU.Build.0 = Release|Any CPU
		{31321DCC-701B-4E3F-9BF5-A06D2C67947B}.Debug|Any CPU.ActiveCfg = Debug|Any CPU
		{31321DCC-701B-4E3F-9BF5-A06D2C67947B}.Debug|Any CPU.Build.0 = Debug|Any CPU
		{31321DCC-701B-4E3F-9BF5-A06D2C67947B}.Release|Any CPU.ActiveCfg = Release|Any CPU
		{31321DCC-701B-4E3F-9BF5-A06D2C67947B}.Release|Any CPU.Build.0 = Release|Any CPU
		{8965A7CB-8228-4E12-8713-F50D0105C20E}.Debug|Any CPU.ActiveCfg = Debug|Any CPU
		{8965A7CB-8228-4E12-8713-F50D0105C20E}.Debug|Any CPU.Build.0 = Debug|Any CPU
		{8965A7CB-8228-4E12-8713-F50D0105C20E}.Release|Any CPU.ActiveCfg = Release|Any CPU
		{8965A7CB-8228-4E12-8713-F50D0105C20E}.Release|Any CPU.Build.0 = Release|Any CPU
		{4018995E-8156-498F-810A-C6DC95A3F5BD}.Debug|Any CPU.ActiveCfg = Debug|Any CPU
		{4018995E-8156-498F-810A-C6DC95A3F5BD}.Debug|Any CPU.Build.0 = Debug|Any CPU
		{4018995E-8156-498F-810A-C6DC95A3F5BD}.Release|Any CPU.ActiveCfg = Release|Any CPU
		{4018995E-8156-498F-810A-C6DC95A3F5BD}.Release|Any CPU.Build.0 = Release|Any CPU
		{F58C6A10-A627-41D0-B1A0-972F12A8F31D}.Debug|Any CPU.ActiveCfg = Debug|Any CPU
		{F58C6A10-A627-41D0-B1A0-972F12A8F31D}.Debug|Any CPU.Build.0 = Debug|Any CPU
		{F58C6A10-A627-41D0-B1A0-972F12A8F31D}.Release|Any CPU.ActiveCfg = Release|Any CPU
		{F58C6A10-A627-41D0-B1A0-972F12A8F31D}.Release|Any CPU.Build.0 = Release|Any CPU
		{851D5944-2D0C-4682-A5B3-389C4DD7F738}.Debug|Any CPU.ActiveCfg = Debug|Any CPU
		{851D5944-2D0C-4682-A5B3-389C4DD7F738}.Debug|Any CPU.Build.0 = Debug|Any CPU
		{851D5944-2D0C-4682-A5B3-389C4DD7F738}.Release|Any CPU.ActiveCfg = Release|Any CPU
		{851D5944-2D0C-4682-A5B3-389C4DD7F738}.Release|Any CPU.Build.0 = Release|Any CPU
		{8C4A761E-37C9-4BFB-8572-DF01BDABD50F}.Debug|Any CPU.ActiveCfg = Debug|Any CPU
		{8C4A761E-37C9-4BFB-8572-DF01BDABD50F}.Debug|Any CPU.Build.0 = Debug|Any CPU
		{8C4A761E-37C9-4BFB-8572-DF01BDABD50F}.Release|Any CPU.ActiveCfg = Release|Any CPU
		{8C4A761E-37C9-4BFB-8572-DF01BDABD50F}.Release|Any CPU.Build.0 = Release|Any CPU
		{64C570B6-C5A2-4B34-B7C4-D3768BCDDD5E}.Debug|Any CPU.ActiveCfg = Debug|Any CPU
		{64C570B6-C5A2-4B34-B7C4-D3768BCDDD5E}.Debug|Any CPU.Build.0 = Debug|Any CPU
		{64C570B6-C5A2-4B34-B7C4-D3768BCDDD5E}.Release|Any CPU.ActiveCfg = Release|Any CPU
		{64C570B6-C5A2-4B34-B7C4-D3768BCDDD5E}.Release|Any CPU.Build.0 = Release|Any CPU
		{5E238740-A08A-449D-80DF-320449D9AD25}.Debug|Any CPU.ActiveCfg = Debug|Any CPU
		{5E238740-A08A-449D-80DF-320449D9AD25}.Debug|Any CPU.Build.0 = Debug|Any CPU
		{5E238740-A08A-449D-80DF-320449D9AD25}.Release|Any CPU.ActiveCfg = Release|Any CPU
		{5E238740-A08A-449D-80DF-320449D9AD25}.Release|Any CPU.Build.0 = Release|Any CPU
		{314F1B78-EECA-4502-9263-9FE7F9108424}.Debug|Any CPU.ActiveCfg = Debug|Any CPU
		{314F1B78-EECA-4502-9263-9FE7F9108424}.Debug|Any CPU.Build.0 = Debug|Any CPU
		{314F1B78-EECA-4502-9263-9FE7F9108424}.Release|Any CPU.ActiveCfg = Release|Any CPU
		{314F1B78-EECA-4502-9263-9FE7F9108424}.Release|Any CPU.Build.0 = Release|Any CPU
		{83CC98A3-BB7E-413C-B816-638B910B6486}.Debug|Any CPU.ActiveCfg = Debug|Any CPU
		{83CC98A3-BB7E-413C-B816-638B910B6486}.Debug|Any CPU.Build.0 = Debug|Any CPU
		{83CC98A3-BB7E-413C-B816-638B910B6486}.Release|Any CPU.ActiveCfg = Release|Any CPU
		{83CC98A3-BB7E-413C-B816-638B910B6486}.Release|Any CPU.Build.0 = Release|Any CPU
		{8AC44BB4-5DDD-4678-9E43-5F69AA22D5CD}.Debug|Any CPU.ActiveCfg = Debug|Any CPU
		{8AC44BB4-5DDD-4678-9E43-5F69AA22D5CD}.Debug|Any CPU.Build.0 = Debug|Any CPU
		{8AC44BB4-5DDD-4678-9E43-5F69AA22D5CD}.Release|Any CPU.ActiveCfg = Release|Any CPU
		{8AC44BB4-5DDD-4678-9E43-5F69AA22D5CD}.Release|Any CPU.Build.0 = Release|Any CPU
		{CA3EB024-2802-479E-AB1D-E91E610BC737}.Debug|Any CPU.ActiveCfg = Debug|Any CPU
		{CA3EB024-2802-479E-AB1D-E91E610BC737}.Debug|Any CPU.Build.0 = Debug|Any CPU
		{CA3EB024-2802-479E-AB1D-E91E610BC737}.Release|Any CPU.ActiveCfg = Release|Any CPU
		{CA3EB024-2802-479E-AB1D-E91E610BC737}.Release|Any CPU.Build.0 = Release|Any CPU
		{6FADAE3F-A2B0-4EFE-B595-294A3B4C7850}.Debug|Any CPU.ActiveCfg = Debug|Any CPU
		{6FADAE3F-A2B0-4EFE-B595-294A3B4C7850}.Debug|Any CPU.Build.0 = Debug|Any CPU
		{6FADAE3F-A2B0-4EFE-B595-294A3B4C7850}.Release|Any CPU.ActiveCfg = Release|Any CPU
		{6FADAE3F-A2B0-4EFE-B595-294A3B4C7850}.Release|Any CPU.Build.0 = Release|Any CPU
		{A1DA5027-083F-4458-96BE-090E646029A6}.Debug|Any CPU.ActiveCfg = Debug|Any CPU
		{A1DA5027-083F-4458-96BE-090E646029A6}.Debug|Any CPU.Build.0 = Debug|Any CPU
		{A1DA5027-083F-4458-96BE-090E646029A6}.Release|Any CPU.ActiveCfg = Release|Any CPU
		{A1DA5027-083F-4458-96BE-090E646029A6}.Release|Any CPU.Build.0 = Release|Any CPU
		{960EA3B0-E46C-4B9E-BA7B-479F7CE9ABF7}.Debug|Any CPU.ActiveCfg = Debug|Any CPU
		{960EA3B0-E46C-4B9E-BA7B-479F7CE9ABF7}.Debug|Any CPU.Build.0 = Debug|Any CPU
		{960EA3B0-E46C-4B9E-BA7B-479F7CE9ABF7}.Release|Any CPU.ActiveCfg = Release|Any CPU
		{960EA3B0-E46C-4B9E-BA7B-479F7CE9ABF7}.Release|Any CPU.Build.0 = Release|Any CPU
		{104CCFA1-3911-4FD3-AB1A-5DF45344BE5A}.Debug|Any CPU.ActiveCfg = Debug|Any CPU
		{104CCFA1-3911-4FD3-AB1A-5DF45344BE5A}.Debug|Any CPU.Build.0 = Debug|Any CPU
		{104CCFA1-3911-4FD3-AB1A-5DF45344BE5A}.Release|Any CPU.ActiveCfg = Release|Any CPU
		{104CCFA1-3911-4FD3-AB1A-5DF45344BE5A}.Release|Any CPU.Build.0 = Release|Any CPU
		{FA660514-A51B-47E1-8050-942C98154C93}.Debug|Any CPU.ActiveCfg = Debug|Any CPU
		{FA660514-A51B-47E1-8050-942C98154C93}.Debug|Any CPU.Build.0 = Debug|Any CPU
		{FA660514-A51B-47E1-8050-942C98154C93}.Release|Any CPU.ActiveCfg = Release|Any CPU
		{FA660514-A51B-47E1-8050-942C98154C93}.Release|Any CPU.Build.0 = Release|Any CPU
		{8621F7A2-0D98-4DA3-8053-4931C0582B78}.Debug|Any CPU.ActiveCfg = Debug|Any CPU
		{8621F7A2-0D98-4DA3-8053-4931C0582B78}.Debug|Any CPU.Build.0 = Debug|Any CPU
		{8621F7A2-0D98-4DA3-8053-4931C0582B78}.Release|Any CPU.ActiveCfg = Release|Any CPU
		{8621F7A2-0D98-4DA3-8053-4931C0582B78}.Release|Any CPU.Build.0 = Release|Any CPU
		{A45E8665-9881-4A8D-B69D-E9CD7D3491B0}.Debug|Any CPU.ActiveCfg = Debug|Any CPU
		{A45E8665-9881-4A8D-B69D-E9CD7D3491B0}.Debug|Any CPU.Build.0 = Debug|Any CPU
		{A45E8665-9881-4A8D-B69D-E9CD7D3491B0}.Release|Any CPU.ActiveCfg = Release|Any CPU
		{A45E8665-9881-4A8D-B69D-E9CD7D3491B0}.Release|Any CPU.Build.0 = Release|Any CPU
		{471A4AFA-4DB0-41C3-BA33-51666B4E5E01}.Debug|Any CPU.ActiveCfg = Debug|Any CPU
		{471A4AFA-4DB0-41C3-BA33-51666B4E5E01}.Debug|Any CPU.Build.0 = Debug|Any CPU
		{471A4AFA-4DB0-41C3-BA33-51666B4E5E01}.Release|Any CPU.ActiveCfg = Release|Any CPU
		{471A4AFA-4DB0-41C3-BA33-51666B4E5E01}.Release|Any CPU.Build.0 = Release|Any CPU
		{18C48C9D-EF96-441D-9A4C-F07922BF39F8}.Debug|Any CPU.ActiveCfg = Debug|Any CPU
		{18C48C9D-EF96-441D-9A4C-F07922BF39F8}.Debug|Any CPU.Build.0 = Debug|Any CPU
		{18C48C9D-EF96-441D-9A4C-F07922BF39F8}.Release|Any CPU.ActiveCfg = Release|Any CPU
		{18C48C9D-EF96-441D-9A4C-F07922BF39F8}.Release|Any CPU.Build.0 = Release|Any CPU
		{34FC827E-FD67-487D-8BDF-F78A17F1A652}.Debug|Any CPU.ActiveCfg = Debug|Any CPU
		{34FC827E-FD67-487D-8BDF-F78A17F1A652}.Debug|Any CPU.Build.0 = Debug|Any CPU
		{34FC827E-FD67-487D-8BDF-F78A17F1A652}.Release|Any CPU.ActiveCfg = Release|Any CPU
		{34FC827E-FD67-487D-8BDF-F78A17F1A652}.Release|Any CPU.Build.0 = Release|Any CPU
	EndGlobalSection
	GlobalSection(SolutionProperties) = preSolution
		HideSolutionNode = FALSE
	EndGlobalSection
	GlobalSection(NestedProjects) = preSolution
		{3B81A3E8-25A7-4473-BDA9-36B6D7FED4D6} = {DC3424EC-2E9B-4653-AB4C-9BB89637B0EF}
		{736BE3AC-4F29-4584-822C-93E70561FF4F} = {DC3424EC-2E9B-4653-AB4C-9BB89637B0EF}
		{9A195923-5D6D-499A-867C-FA3A4EE74CF5} = {736BE3AC-4F29-4584-822C-93E70561FF4F}
		{6ADFCD20-9A03-4BE8-B03A-7353AAEAB154} = {736BE3AC-4F29-4584-822C-93E70561FF4F}
		{AB615F4E-489A-4F94-ACC8-DA87FF767298} = {3B81A3E8-25A7-4473-BDA9-36B6D7FED4D6}
		{F0A623E2-E25C-4515-A8C8-31E80A24D0C5} = {3B81A3E8-25A7-4473-BDA9-36B6D7FED4D6}
		{9489EB8B-17EB-481B-B2F5-D2D63FA7C5B7} = {3B81A3E8-25A7-4473-BDA9-36B6D7FED4D6}
		{31321DCC-701B-4E3F-9BF5-A06D2C67947B} = {3B81A3E8-25A7-4473-BDA9-36B6D7FED4D6}
		{8965A7CB-8228-4E12-8713-F50D0105C20E} = {32232913-3E63-4EE3-8DC1-2FCB6717198F}
		{4018995E-8156-498F-810A-C6DC95A3F5BD} = {32232913-3E63-4EE3-8DC1-2FCB6717198F}
		{F58C6A10-A627-41D0-B1A0-972F12A8F31D} = {3B81A3E8-25A7-4473-BDA9-36B6D7FED4D6}
		{851D5944-2D0C-4682-A5B3-389C4DD7F738} = {736BE3AC-4F29-4584-822C-93E70561FF4F}
		{1F6BA04E-F6CA-47C1-AB79-CAFED0D805F4} = {DC3424EC-2E9B-4653-AB4C-9BB89637B0EF}
		{8C4A761E-37C9-4BFB-8572-DF01BDABD50F} = {1F6BA04E-F6CA-47C1-AB79-CAFED0D805F4}
		{64C570B6-C5A2-4B34-B7C4-D3768BCDDD5E} = {1F6BA04E-F6CA-47C1-AB79-CAFED0D805F4}
		{5E238740-A08A-449D-80DF-320449D9AD25} = {1F6BA04E-F6CA-47C1-AB79-CAFED0D805F4}
		{314F1B78-EECA-4502-9263-9FE7F9108424} = {1F6BA04E-F6CA-47C1-AB79-CAFED0D805F4}
		{83CC98A3-BB7E-413C-B816-638B910B6486} = {1F6BA04E-F6CA-47C1-AB79-CAFED0D805F4}
		{8AC44BB4-5DDD-4678-9E43-5F69AA22D5CD} = {32232913-3E63-4EE3-8DC1-2FCB6717198F}
		{0A108820-F110-4B36-A5CF-A59FC7C64955} = {DC3424EC-2E9B-4653-AB4C-9BB89637B0EF}
		{CA3EB024-2802-479E-AB1D-E91E610BC737} = {0A108820-F110-4B36-A5CF-A59FC7C64955}
		{6FADAE3F-A2B0-4EFE-B595-294A3B4C7850} = {32232913-3E63-4EE3-8DC1-2FCB6717198F}
		{A1DA5027-083F-4458-96BE-090E646029A6} = {0A108820-F110-4B36-A5CF-A59FC7C64955}
		{960EA3B0-E46C-4B9E-BA7B-479F7CE9ABF7} = {0A108820-F110-4B36-A5CF-A59FC7C64955}
		{104CCFA1-3911-4FD3-AB1A-5DF45344BE5A} = {0A108820-F110-4B36-A5CF-A59FC7C64955}
		{FA660514-A51B-47E1-8050-942C98154C93} = {0A108820-F110-4B36-A5CF-A59FC7C64955}
		{8621F7A2-0D98-4DA3-8053-4931C0582B78} = {0A108820-F110-4B36-A5CF-A59FC7C64955}
		{A45E8665-9881-4A8D-B69D-E9CD7D3491B0} = {0A108820-F110-4B36-A5CF-A59FC7C64955}
		{471A4AFA-4DB0-41C3-BA33-51666B4E5E01} = {3B81A3E8-25A7-4473-BDA9-36B6D7FED4D6}
		{18C48C9D-EF96-441D-9A4C-F07922BF39F8} = {1F6BA04E-F6CA-47C1-AB79-CAFED0D805F4}
		{34FC827E-FD67-487D-8BDF-F78A17F1A652} = {1F6BA04E-F6CA-47C1-AB79-CAFED0D805F4}
	EndGlobalSection
	GlobalSection(ExtensibilityGlobals) = postSolution
		SolutionGuid = {17556D20-DBFC-4AEB-857D-74B7C1EDEA60}
	EndGlobalSection
EndGlobal
