Microsoft Visual Studio Solution File, Format Version 12.00
# Visual Studio 15
VisualStudioVersion = 15.0.26124.0
MinimumVisualStudioVersion = 15.0.26124.0
Project("{2150E333-8FDC-42A3-9474-1A3956D46DE8}") = "src", "src", "{DC3424EC-2E9B-4653-AB4C-9BB89637B0EF}"
EndProject
Project("{2150E333-8FDC-42A3-9474-1A3956D46DE8}") = "Core", "Core", "{3B81A3E8-25A7-4473-BDA9-36B6D7FED4D6}"
EndProject
Project("{9A19103F-16F7-4668-BE54-9A1E7A4F7556}") = "NetFusion.Common", "src\Common\NetFusion.Common\NetFusion.Common.csproj", "{9A195923-5D6D-499A-867C-FA3A4EE74CF5}"
EndProject
Project("{9A19103F-16F7-4668-BE54-9A1E7A4F7556}") = "NetFusion.Common.Base", "src\Common\NetFusion.Common.Base\NetFusion.Common.Base.csproj", "{6ADFCD20-9A03-4BE8-B03A-7353AAEAB154}"
EndProject
Project("{9A19103F-16F7-4668-BE54-9A1E7A4F7556}") = "NetFusion.Core.Bootstrap", "src\Core\NetFusion.Core.Bootstrap\NetFusion.Core.Bootstrap.csproj", "{AB615F4E-489A-4F94-ACC8-DA87FF767298}"
EndProject
Project("{9A19103F-16F7-4668-BE54-9A1E7A4F7556}") = "NetFusion.Core.Settings", "src\Core\NetFusion.Core.Settings\NetFusion.Core.Settings.csproj", "{F0A623E2-E25C-4515-A8C8-31E80A24D0C5}"
EndProject
Project("{9A19103F-16F7-4668-BE54-9A1E7A4F7556}") = "NetFusion.Core.TestFixtures", "src\Core\NetFusion.Core.TestFixtures\NetFusion.Core.TestFixtures.csproj", "{31321DCC-701B-4E3F-9BF5-A06D2C67947B}"
EndProject
Project("{2150E333-8FDC-42A3-9474-1A3956D46DE8}") = "Web", "Web", "{1F6BA04E-F6CA-47C1-AB79-CAFED0D805F4}"
EndProject
Project("{9A19103F-16F7-4668-BE54-9A1E7A4F7556}") = "NetFusion.Web", "src\Web\NetFusion.Web\NetFusion.Web.csproj", "{8C4A761E-37C9-4BFB-8572-DF01BDABD50F}"
EndProject
Project("{9A19103F-16F7-4668-BE54-9A1E7A4F7556}") = "NetFusion.Web.Common", "src\Web\NetFusion.Web.Common\NetFusion.Web.Common.csproj", "{64C570B6-C5A2-4B34-B7C4-D3768BCDDD5E}"
EndProject
Project("{9A19103F-16F7-4668-BE54-9A1E7A4F7556}") = "NetFusion.Web.Rest.Client", "src\Web\NetFusion.Web.Rest.Client\NetFusion.Web.Rest.Client.csproj", "{5E238740-A08A-449D-80DF-320449D9AD25}"
EndProject
Project("{9A19103F-16F7-4668-BE54-9A1E7A4F7556}") = "NetFusion.Web.Rest.Resources", "src\Web\NetFusion.Web.Rest.Resources\NetFusion.Web.Rest.Resources.csproj", "{314F1B78-EECA-4502-9263-9FE7F9108424}"
EndProject
Project("{9A19103F-16F7-4668-BE54-9A1E7A4F7556}") = "NetFusion.Web.Rest.Server", "src\Web\NetFusion.Web.Rest.Server\NetFusion.Web.Rest.Server.csproj", "{83CC98A3-BB7E-413C-B816-638B910B6486}"
EndProject
Project("{2150E333-8FDC-42A3-9474-1A3956D46DE8}") = "Integration", "Integration", "{0A108820-F110-4B36-A5CF-A59FC7C64955}"
EndProject
Project("{FAE04EC0-301F-11D3-BF4B-00C04F79EFBC}") = "NetFusion.Integration.MongoDB", "src\Integration\NetFusion.Integration.MongoDB\NetFusion.Integration.MongoDB.csproj", "{A1DA5027-083F-4458-96BE-090E646029A6}"
EndProject
Project("{FAE04EC0-301F-11D3-BF4B-00C04F79EFBC}") = "NetFusion.Core.Builder", "src\Core\NetFusion.Core.Builder\NetFusion.Core.Builder.csproj", "{471A4AFA-4DB0-41C3-BA33-51666B4E5E01}"
EndProject
Project("{FAE04EC0-301F-11D3-BF4B-00C04F79EFBC}") = "NetFusion.Web.Rest.Docs", "src\Web\NetFusion.Web.Rest.Docs\NetFusion.Web.Rest.Docs.csproj", "{18C48C9D-EF96-441D-9A4C-F07922BF39F8}"
EndProject
Project("{FAE04EC0-301F-11D3-BF4B-00C04F79EFBC}") = "NetFusion.Web.Rest.CodeGen", "src\Web\NetFusion.Web.Rest.CodeGen\NetFusion.Web.Rest.CodeGen.csproj", "{34FC827E-FD67-487D-8BDF-F78A17F1A652}"
EndProject
Project("{2150E333-8FDC-42A3-9474-1A3956D46DE8}") = "Messaging", "Messaging", "{EB651A1A-397C-4001-A5EC-07FCB1AE0106}"
EndProject
Project("{FAE04EC0-301F-11D3-BF4B-00C04F79EFBC}") = "NetFusion.Messaging", "src\Messaging\NetFusion.Messaging\NetFusion.Messaging.csproj", "{BD837507-0E1A-48AB-863D-931510A9EB0B}"
EndProject
Project("{FAE04EC0-301F-11D3-BF4B-00C04F79EFBC}") = "NetFusion.Messaging.Types", "src\Messaging\NetFusion.Messaging.Types\NetFusion.Messaging.Types.csproj", "{9C5406A4-9C8D-45BE-87FB-75D0938B1D3C}"
EndProject
Project("{2150E333-8FDC-42A3-9474-1A3956D46DE8}") = "Common", "Common", "{4F17ED3E-EA7F-4457-854C-BE84302907B6}"
EndProject
Project("{FAE04EC0-301F-11D3-BF4B-00C04F79EFBC}") = "NetFusion.Messaging.UnitTests", "src\Messaging\NetFusion.Messaging.UnitTests\NetFusion.Messaging.UnitTests.csproj", "{1DEEA224-8319-4479-B2F6-FB122AACC3F3}"
EndProject
Project("{2150E333-8FDC-42A3-9474-1A3956D46DE8}") = "Services", "Services", "{9B0783D8-9526-4BE3-B036-A50129A0A976}"
EndProject
Project("{FAE04EC0-301F-11D3-BF4B-00C04F79EFBC}") = "NetFusion.Services.Mapping", "src\Services\NetFusion.Services.Mapping\NetFusion.Services.Mapping.csproj", "{4B004B96-52ED-461D-80B8-C9210D0C7CFE}"
EndProject
Project("{FAE04EC0-301F-11D3-BF4B-00C04F79EFBC}") = "NetFusion.Services.Serialization", "src\Services\NetFusion.Services.Serialization\NetFusion.Services.Serialization.csproj", "{206B8611-E553-40FC-8265-35312E7F0142}"
EndProject
Project("{FAE04EC0-301F-11D3-BF4B-00C04F79EFBC}") = "NetFusion.Services.Serilog", "src\Services\NetFusion.Services.Serilog\NetFusion.Services.Serilog.csproj", "{4CAB5694-8CD2-472E-924F-6C7BF03C6DD8}"
EndProject
Project("{FAE04EC0-301F-11D3-BF4B-00C04F79EFBC}") = "NetFusion.Services.Roslyn", "src\Services\NetFusion.Services.Roslyn\NetFusion.Services.Roslyn.csproj", "{4938867E-3D83-4692-8759-BD00C4DB6BC8}"
EndProject
Project("{FAE04EC0-301F-11D3-BF4B-00C04F79EFBC}") = "NetFusion.Services.Messaging", "src\Services\NetFusion.Services.Messaging\NetFusion.Services.Messaging.csproj", "{45BB5943-91FE-4FCB-A331-B75167718F6F}"
EndProject
Project("{FAE04EC0-301F-11D3-BF4B-00C04F79EFBC}") = "NetFusion.Web.UnitTests", "src\Web\NetFusion.Web.UnitTests\NetFusion.Web.UnitTests.csproj", "{2A9FF596-B0D9-4F59-B347-BE3201870B00}"
EndProject
Project("{FAE04EC0-301F-11D3-BF4B-00C04F79EFBC}") = "NetFusion.Core.UnitTests", "src\Core\NetFusion.Core.UnitTests\NetFusion.Core.UnitTests.csproj", "{0B54ECB7-8A96-4876-9898-BC551B61A553}"
EndProject
Project("{FAE04EC0-301F-11D3-BF4B-00C04F79EFBC}") = "NetFusion.Services.UnitTests", "src\Services\NetFusion.Services.UnitTests\NetFusion.Services.UnitTests.csproj", "{20AD613E-7D1D-4009-B9C6-C342DB213CE5}"
EndProject
Project("{FAE04EC0-301F-11D3-BF4B-00C04F79EFBC}") = "NetFusion.Common.UnitTests", "src\Common\NetFusion.Common.UnitTests\NetFusion.Common.UnitTests.csproj", "{D91D3F5B-935F-422F-A797-C9CEB5ED8905}"
EndProject
Project("{FAE04EC0-301F-11D3-BF4B-00C04F79EFBC}") = "NetFusion.Integration.ServiceBus", "src\Integration\NetFusion.Integration.ServiceBus\NetFusion.Integration.ServiceBus.csproj", "{C409D02F-1C9C-4176-9406-1CE55AAE7459}"
EndProject
Project("{FAE04EC0-301F-11D3-BF4B-00C04F79EFBC}") = "NetFusion.Integration.UnitTests", "src\Integration\NetFusion.Integration.UnitTests\NetFusion.Integration.UnitTests.csproj", "{05C61743-DD01-4078-BE5F-07D8C6BC8D17}"
EndProject
Project("{FAE04EC0-301F-11D3-BF4B-00C04F79EFBC}") = "NetFusion.Integration.Redis", "src\Integration\NetFusion.Integration.Redis\NetFusion.Integration.Redis.csproj", "{2535027A-3878-4B8F-AA97-45D110F6B6E9}"
EndProject
Project("{FAE04EC0-301F-11D3-BF4B-00C04F79EFBC}") = "NetFusion.Integration.RabbitMQ", "src\Integration\NetFusion.Integration.RabbitMQ\NetFusion.Integration.RabbitMQ.csproj", "{1F8C7569-15C9-41C0-A2DF-962EE2A1BD37}"
EndProject
Project("{FAE04EC0-301F-11D3-BF4B-00C04F79EFBC}") = "NetFusion.Integration.Bus", "src\Integration\NetFusion.Integration.Bus\NetFusion.Integration.Bus.csproj", "{02866793-7E08-4713-9F2E-1E9DFC7C2D90}"
EndProject
Global
	GlobalSection(SolutionConfigurationPlatforms) = preSolution
		Debug|Any CPU = Debug|Any CPU
		Release|Any CPU = Release|Any CPU
	EndGlobalSection
	GlobalSection(ProjectConfigurationPlatforms) = postSolution
		{9A195923-5D6D-499A-867C-FA3A4EE74CF5}.Debug|Any CPU.ActiveCfg = Debug|Any CPU
		{9A195923-5D6D-499A-867C-FA3A4EE74CF5}.Debug|Any CPU.Build.0 = Debug|Any CPU
		{9A195923-5D6D-499A-867C-FA3A4EE74CF5}.Release|Any CPU.ActiveCfg = Release|Any CPU
		{9A195923-5D6D-499A-867C-FA3A4EE74CF5}.Release|Any CPU.Build.0 = Release|Any CPU
		{6ADFCD20-9A03-4BE8-B03A-7353AAEAB154}.Debug|Any CPU.ActiveCfg = Debug|Any CPU
		{6ADFCD20-9A03-4BE8-B03A-7353AAEAB154}.Debug|Any CPU.Build.0 = Debug|Any CPU
		{6ADFCD20-9A03-4BE8-B03A-7353AAEAB154}.Release|Any CPU.ActiveCfg = Release|Any CPU
		{6ADFCD20-9A03-4BE8-B03A-7353AAEAB154}.Release|Any CPU.Build.0 = Release|Any CPU
		{AB615F4E-489A-4F94-ACC8-DA87FF767298}.Debug|Any CPU.ActiveCfg = Debug|Any CPU
		{AB615F4E-489A-4F94-ACC8-DA87FF767298}.Debug|Any CPU.Build.0 = Debug|Any CPU
		{AB615F4E-489A-4F94-ACC8-DA87FF767298}.Release|Any CPU.ActiveCfg = Release|Any CPU
		{AB615F4E-489A-4F94-ACC8-DA87FF767298}.Release|Any CPU.Build.0 = Release|Any CPU
		{F0A623E2-E25C-4515-A8C8-31E80A24D0C5}.Debug|Any CPU.ActiveCfg = Debug|Any CPU
		{F0A623E2-E25C-4515-A8C8-31E80A24D0C5}.Debug|Any CPU.Build.0 = Debug|Any CPU
		{F0A623E2-E25C-4515-A8C8-31E80A24D0C5}.Release|Any CPU.ActiveCfg = Release|Any CPU
		{F0A623E2-E25C-4515-A8C8-31E80A24D0C5}.Release|Any CPU.Build.0 = Release|Any CPU
		{31321DCC-701B-4E3F-9BF5-A06D2C67947B}.Debug|Any CPU.ActiveCfg = Debug|Any CPU
		{31321DCC-701B-4E3F-9BF5-A06D2C67947B}.Debug|Any CPU.Build.0 = Debug|Any CPU
		{31321DCC-701B-4E3F-9BF5-A06D2C67947B}.Release|Any CPU.ActiveCfg = Release|Any CPU
		{31321DCC-701B-4E3F-9BF5-A06D2C67947B}.Release|Any CPU.Build.0 = Release|Any CPU
		{8C4A761E-37C9-4BFB-8572-DF01BDABD50F}.Debug|Any CPU.ActiveCfg = Debug|Any CPU
		{8C4A761E-37C9-4BFB-8572-DF01BDABD50F}.Debug|Any CPU.Build.0 = Debug|Any CPU
		{8C4A761E-37C9-4BFB-8572-DF01BDABD50F}.Release|Any CPU.ActiveCfg = Release|Any CPU
		{8C4A761E-37C9-4BFB-8572-DF01BDABD50F}.Release|Any CPU.Build.0 = Release|Any CPU
		{64C570B6-C5A2-4B34-B7C4-D3768BCDDD5E}.Debug|Any CPU.ActiveCfg = Debug|Any CPU
		{64C570B6-C5A2-4B34-B7C4-D3768BCDDD5E}.Debug|Any CPU.Build.0 = Debug|Any CPU
		{64C570B6-C5A2-4B34-B7C4-D3768BCDDD5E}.Release|Any CPU.ActiveCfg = Release|Any CPU
		{64C570B6-C5A2-4B34-B7C4-D3768BCDDD5E}.Release|Any CPU.Build.0 = Release|Any CPU
		{5E238740-A08A-449D-80DF-320449D9AD25}.Debug|Any CPU.ActiveCfg = Debug|Any CPU
		{5E238740-A08A-449D-80DF-320449D9AD25}.Debug|Any CPU.Build.0 = Debug|Any CPU
		{5E238740-A08A-449D-80DF-320449D9AD25}.Release|Any CPU.ActiveCfg = Release|Any CPU
		{5E238740-A08A-449D-80DF-320449D9AD25}.Release|Any CPU.Build.0 = Release|Any CPU
		{314F1B78-EECA-4502-9263-9FE7F9108424}.Debug|Any CPU.ActiveCfg = Debug|Any CPU
		{314F1B78-EECA-4502-9263-9FE7F9108424}.Debug|Any CPU.Build.0 = Debug|Any CPU
		{314F1B78-EECA-4502-9263-9FE7F9108424}.Release|Any CPU.ActiveCfg = Release|Any CPU
		{314F1B78-EECA-4502-9263-9FE7F9108424}.Release|Any CPU.Build.0 = Release|Any CPU
		{83CC98A3-BB7E-413C-B816-638B910B6486}.Debug|Any CPU.ActiveCfg = Debug|Any CPU
		{83CC98A3-BB7E-413C-B816-638B910B6486}.Debug|Any CPU.Build.0 = Debug|Any CPU
		{83CC98A3-BB7E-413C-B816-638B910B6486}.Release|Any CPU.ActiveCfg = Release|Any CPU
		{83CC98A3-BB7E-413C-B816-638B910B6486}.Release|Any CPU.Build.0 = Release|Any CPU
		{A1DA5027-083F-4458-96BE-090E646029A6}.Debug|Any CPU.ActiveCfg = Debug|Any CPU
		{A1DA5027-083F-4458-96BE-090E646029A6}.Debug|Any CPU.Build.0 = Debug|Any CPU
		{A1DA5027-083F-4458-96BE-090E646029A6}.Release|Any CPU.ActiveCfg = Release|Any CPU
		{A1DA5027-083F-4458-96BE-090E646029A6}.Release|Any CPU.Build.0 = Release|Any CPU
		{471A4AFA-4DB0-41C3-BA33-51666B4E5E01}.Debug|Any CPU.ActiveCfg = Debug|Any CPU
		{471A4AFA-4DB0-41C3-BA33-51666B4E5E01}.Debug|Any CPU.Build.0 = Debug|Any CPU
		{471A4AFA-4DB0-41C3-BA33-51666B4E5E01}.Release|Any CPU.ActiveCfg = Release|Any CPU
		{471A4AFA-4DB0-41C3-BA33-51666B4E5E01}.Release|Any CPU.Build.0 = Release|Any CPU
		{18C48C9D-EF96-441D-9A4C-F07922BF39F8}.Debug|Any CPU.ActiveCfg = Debug|Any CPU
		{18C48C9D-EF96-441D-9A4C-F07922BF39F8}.Debug|Any CPU.Build.0 = Debug|Any CPU
		{18C48C9D-EF96-441D-9A4C-F07922BF39F8}.Release|Any CPU.ActiveCfg = Release|Any CPU
		{18C48C9D-EF96-441D-9A4C-F07922BF39F8}.Release|Any CPU.Build.0 = Release|Any CPU
		{34FC827E-FD67-487D-8BDF-F78A17F1A652}.Debug|Any CPU.ActiveCfg = Debug|Any CPU
		{34FC827E-FD67-487D-8BDF-F78A17F1A652}.Debug|Any CPU.Build.0 = Debug|Any CPU
		{34FC827E-FD67-487D-8BDF-F78A17F1A652}.Release|Any CPU.ActiveCfg = Release|Any CPU
		{34FC827E-FD67-487D-8BDF-F78A17F1A652}.Release|Any CPU.Build.0 = Release|Any CPU
		{BD837507-0E1A-48AB-863D-931510A9EB0B}.Debug|Any CPU.ActiveCfg = Debug|Any CPU
		{BD837507-0E1A-48AB-863D-931510A9EB0B}.Debug|Any CPU.Build.0 = Debug|Any CPU
		{BD837507-0E1A-48AB-863D-931510A9EB0B}.Release|Any CPU.ActiveCfg = Release|Any CPU
		{BD837507-0E1A-48AB-863D-931510A9EB0B}.Release|Any CPU.Build.0 = Release|Any CPU
		{9C5406A4-9C8D-45BE-87FB-75D0938B1D3C}.Debug|Any CPU.ActiveCfg = Debug|Any CPU
		{9C5406A4-9C8D-45BE-87FB-75D0938B1D3C}.Debug|Any CPU.Build.0 = Debug|Any CPU
		{9C5406A4-9C8D-45BE-87FB-75D0938B1D3C}.Release|Any CPU.ActiveCfg = Release|Any CPU
		{9C5406A4-9C8D-45BE-87FB-75D0938B1D3C}.Release|Any CPU.Build.0 = Release|Any CPU
		{1DEEA224-8319-4479-B2F6-FB122AACC3F3}.Debug|Any CPU.ActiveCfg = Debug|Any CPU
		{1DEEA224-8319-4479-B2F6-FB122AACC3F3}.Debug|Any CPU.Build.0 = Debug|Any CPU
		{1DEEA224-8319-4479-B2F6-FB122AACC3F3}.Release|Any CPU.ActiveCfg = Release|Any CPU
		{1DEEA224-8319-4479-B2F6-FB122AACC3F3}.Release|Any CPU.Build.0 = Release|Any CPU
		{4B004B96-52ED-461D-80B8-C9210D0C7CFE}.Debug|Any CPU.ActiveCfg = Debug|Any CPU
		{4B004B96-52ED-461D-80B8-C9210D0C7CFE}.Debug|Any CPU.Build.0 = Debug|Any CPU
		{4B004B96-52ED-461D-80B8-C9210D0C7CFE}.Release|Any CPU.ActiveCfg = Release|Any CPU
		{4B004B96-52ED-461D-80B8-C9210D0C7CFE}.Release|Any CPU.Build.0 = Release|Any CPU
		{206B8611-E553-40FC-8265-35312E7F0142}.Debug|Any CPU.ActiveCfg = Debug|Any CPU
		{206B8611-E553-40FC-8265-35312E7F0142}.Debug|Any CPU.Build.0 = Debug|Any CPU
		{206B8611-E553-40FC-8265-35312E7F0142}.Release|Any CPU.ActiveCfg = Release|Any CPU
		{206B8611-E553-40FC-8265-35312E7F0142}.Release|Any CPU.Build.0 = Release|Any CPU
		{4CAB5694-8CD2-472E-924F-6C7BF03C6DD8}.Debug|Any CPU.ActiveCfg = Debug|Any CPU
		{4CAB5694-8CD2-472E-924F-6C7BF03C6DD8}.Debug|Any CPU.Build.0 = Debug|Any CPU
		{4CAB5694-8CD2-472E-924F-6C7BF03C6DD8}.Release|Any CPU.ActiveCfg = Release|Any CPU
		{4CAB5694-8CD2-472E-924F-6C7BF03C6DD8}.Release|Any CPU.Build.0 = Release|Any CPU
		{4938867E-3D83-4692-8759-BD00C4DB6BC8}.Debug|Any CPU.ActiveCfg = Debug|Any CPU
		{4938867E-3D83-4692-8759-BD00C4DB6BC8}.Debug|Any CPU.Build.0 = Debug|Any CPU
		{4938867E-3D83-4692-8759-BD00C4DB6BC8}.Release|Any CPU.ActiveCfg = Release|Any CPU
		{4938867E-3D83-4692-8759-BD00C4DB6BC8}.Release|Any CPU.Build.0 = Release|Any CPU
		{45BB5943-91FE-4FCB-A331-B75167718F6F}.Debug|Any CPU.ActiveCfg = Debug|Any CPU
		{45BB5943-91FE-4FCB-A331-B75167718F6F}.Debug|Any CPU.Build.0 = Debug|Any CPU
		{45BB5943-91FE-4FCB-A331-B75167718F6F}.Release|Any CPU.ActiveCfg = Release|Any CPU
		{45BB5943-91FE-4FCB-A331-B75167718F6F}.Release|Any CPU.Build.0 = Release|Any CPU
		{2A9FF596-B0D9-4F59-B347-BE3201870B00}.Debug|Any CPU.ActiveCfg = Debug|Any CPU
		{2A9FF596-B0D9-4F59-B347-BE3201870B00}.Debug|Any CPU.Build.0 = Debug|Any CPU
		{2A9FF596-B0D9-4F59-B347-BE3201870B00}.Release|Any CPU.ActiveCfg = Release|Any CPU
		{2A9FF596-B0D9-4F59-B347-BE3201870B00}.Release|Any CPU.Build.0 = Release|Any CPU
		{0B54ECB7-8A96-4876-9898-BC551B61A553}.Debug|Any CPU.ActiveCfg = Debug|Any CPU
		{0B54ECB7-8A96-4876-9898-BC551B61A553}.Debug|Any CPU.Build.0 = Debug|Any CPU
		{0B54ECB7-8A96-4876-9898-BC551B61A553}.Release|Any CPU.ActiveCfg = Release|Any CPU
		{0B54ECB7-8A96-4876-9898-BC551B61A553}.Release|Any CPU.Build.0 = Release|Any CPU
		{20AD613E-7D1D-4009-B9C6-C342DB213CE5}.Debug|Any CPU.ActiveCfg = Debug|Any CPU
		{20AD613E-7D1D-4009-B9C6-C342DB213CE5}.Debug|Any CPU.Build.0 = Debug|Any CPU
		{20AD613E-7D1D-4009-B9C6-C342DB213CE5}.Release|Any CPU.ActiveCfg = Release|Any CPU
		{20AD613E-7D1D-4009-B9C6-C342DB213CE5}.Release|Any CPU.Build.0 = Release|Any CPU
		{D91D3F5B-935F-422F-A797-C9CEB5ED8905}.Debug|Any CPU.ActiveCfg = Debug|Any CPU
		{D91D3F5B-935F-422F-A797-C9CEB5ED8905}.Debug|Any CPU.Build.0 = Debug|Any CPU
		{D91D3F5B-935F-422F-A797-C9CEB5ED8905}.Release|Any CPU.ActiveCfg = Release|Any CPU
		{D91D3F5B-935F-422F-A797-C9CEB5ED8905}.Release|Any CPU.Build.0 = Release|Any CPU
		{C409D02F-1C9C-4176-9406-1CE55AAE7459}.Debug|Any CPU.ActiveCfg = Debug|Any CPU
		{C409D02F-1C9C-4176-9406-1CE55AAE7459}.Debug|Any CPU.Build.0 = Debug|Any CPU
		{C409D02F-1C9C-4176-9406-1CE55AAE7459}.Release|Any CPU.ActiveCfg = Release|Any CPU
		{C409D02F-1C9C-4176-9406-1CE55AAE7459}.Release|Any CPU.Build.0 = Release|Any CPU
		{05C61743-DD01-4078-BE5F-07D8C6BC8D17}.Debug|Any CPU.ActiveCfg = Debug|Any CPU
		{05C61743-DD01-4078-BE5F-07D8C6BC8D17}.Debug|Any CPU.Build.0 = Debug|Any CPU
		{05C61743-DD01-4078-BE5F-07D8C6BC8D17}.Release|Any CPU.ActiveCfg = Release|Any CPU
		{05C61743-DD01-4078-BE5F-07D8C6BC8D17}.Release|Any CPU.Build.0 = Release|Any CPU
		{2535027A-3878-4B8F-AA97-45D110F6B6E9}.Debug|Any CPU.ActiveCfg = Debug|Any CPU
		{2535027A-3878-4B8F-AA97-45D110F6B6E9}.Debug|Any CPU.Build.0 = Debug|Any CPU
		{2535027A-3878-4B8F-AA97-45D110F6B6E9}.Release|Any CPU.ActiveCfg = Release|Any CPU
		{2535027A-3878-4B8F-AA97-45D110F6B6E9}.Release|Any CPU.Build.0 = Release|Any CPU
		{1F8C7569-15C9-41C0-A2DF-962EE2A1BD37}.Debug|Any CPU.ActiveCfg = Debug|Any CPU
		{1F8C7569-15C9-41C0-A2DF-962EE2A1BD37}.Debug|Any CPU.Build.0 = Debug|Any CPU
		{1F8C7569-15C9-41C0-A2DF-962EE2A1BD37}.Release|Any CPU.ActiveCfg = Release|Any CPU
		{1F8C7569-15C9-41C0-A2DF-962EE2A1BD37}.Release|Any CPU.Build.0 = Release|Any CPU
		{02866793-7E08-4713-9F2E-1E9DFC7C2D90}.Debug|Any CPU.ActiveCfg = Debug|Any CPU
		{02866793-7E08-4713-9F2E-1E9DFC7C2D90}.Debug|Any CPU.Build.0 = Debug|Any CPU
		{02866793-7E08-4713-9F2E-1E9DFC7C2D90}.Release|Any CPU.ActiveCfg = Release|Any CPU
		{02866793-7E08-4713-9F2E-1E9DFC7C2D90}.Release|Any CPU.Build.0 = Release|Any CPU
	EndGlobalSection
	GlobalSection(SolutionProperties) = preSolution
		HideSolutionNode = FALSE
	EndGlobalSection
	GlobalSection(NestedProjects) = preSolution
		{3B81A3E8-25A7-4473-BDA9-36B6D7FED4D6} = {DC3424EC-2E9B-4653-AB4C-9BB89637B0EF}
		{AB615F4E-489A-4F94-ACC8-DA87FF767298} = {3B81A3E8-25A7-4473-BDA9-36B6D7FED4D6}
		{F0A623E2-E25C-4515-A8C8-31E80A24D0C5} = {3B81A3E8-25A7-4473-BDA9-36B6D7FED4D6}
		{31321DCC-701B-4E3F-9BF5-A06D2C67947B} = {3B81A3E8-25A7-4473-BDA9-36B6D7FED4D6}
		{1F6BA04E-F6CA-47C1-AB79-CAFED0D805F4} = {DC3424EC-2E9B-4653-AB4C-9BB89637B0EF}
		{8C4A761E-37C9-4BFB-8572-DF01BDABD50F} = {1F6BA04E-F6CA-47C1-AB79-CAFED0D805F4}
		{64C570B6-C5A2-4B34-B7C4-D3768BCDDD5E} = {1F6BA04E-F6CA-47C1-AB79-CAFED0D805F4}
		{5E238740-A08A-449D-80DF-320449D9AD25} = {1F6BA04E-F6CA-47C1-AB79-CAFED0D805F4}
		{314F1B78-EECA-4502-9263-9FE7F9108424} = {1F6BA04E-F6CA-47C1-AB79-CAFED0D805F4}
		{83CC98A3-BB7E-413C-B816-638B910B6486} = {1F6BA04E-F6CA-47C1-AB79-CAFED0D805F4}
		{0A108820-F110-4B36-A5CF-A59FC7C64955} = {DC3424EC-2E9B-4653-AB4C-9BB89637B0EF}
		{A1DA5027-083F-4458-96BE-090E646029A6} = {0A108820-F110-4B36-A5CF-A59FC7C64955}
		{471A4AFA-4DB0-41C3-BA33-51666B4E5E01} = {3B81A3E8-25A7-4473-BDA9-36B6D7FED4D6}
		{18C48C9D-EF96-441D-9A4C-F07922BF39F8} = {1F6BA04E-F6CA-47C1-AB79-CAFED0D805F4}
		{34FC827E-FD67-487D-8BDF-F78A17F1A652} = {1F6BA04E-F6CA-47C1-AB79-CAFED0D805F4}
		{EB651A1A-397C-4001-A5EC-07FCB1AE0106} = {DC3424EC-2E9B-4653-AB4C-9BB89637B0EF}
		{BD837507-0E1A-48AB-863D-931510A9EB0B} = {EB651A1A-397C-4001-A5EC-07FCB1AE0106}
		{9C5406A4-9C8D-45BE-87FB-75D0938B1D3C} = {EB651A1A-397C-4001-A5EC-07FCB1AE0106}
		{4F17ED3E-EA7F-4457-854C-BE84302907B6} = {DC3424EC-2E9B-4653-AB4C-9BB89637B0EF}
		{6ADFCD20-9A03-4BE8-B03A-7353AAEAB154} = {4F17ED3E-EA7F-4457-854C-BE84302907B6}
		{9A195923-5D6D-499A-867C-FA3A4EE74CF5} = {4F17ED3E-EA7F-4457-854C-BE84302907B6}
		{1DEEA224-8319-4479-B2F6-FB122AACC3F3} = {EB651A1A-397C-4001-A5EC-07FCB1AE0106}
		{9B0783D8-9526-4BE3-B036-A50129A0A976} = {DC3424EC-2E9B-4653-AB4C-9BB89637B0EF}
		{4B004B96-52ED-461D-80B8-C9210D0C7CFE} = {9B0783D8-9526-4BE3-B036-A50129A0A976}
		{206B8611-E553-40FC-8265-35312E7F0142} = {9B0783D8-9526-4BE3-B036-A50129A0A976}
		{4CAB5694-8CD2-472E-924F-6C7BF03C6DD8} = {9B0783D8-9526-4BE3-B036-A50129A0A976}
		{4938867E-3D83-4692-8759-BD00C4DB6BC8} = {9B0783D8-9526-4BE3-B036-A50129A0A976}
		{45BB5943-91FE-4FCB-A331-B75167718F6F} = {9B0783D8-9526-4BE3-B036-A50129A0A976}
		{2A9FF596-B0D9-4F59-B347-BE3201870B00} = {1F6BA04E-F6CA-47C1-AB79-CAFED0D805F4}
		{0B54ECB7-8A96-4876-9898-BC551B61A553} = {3B81A3E8-25A7-4473-BDA9-36B6D7FED4D6}
		{20AD613E-7D1D-4009-B9C6-C342DB213CE5} = {9B0783D8-9526-4BE3-B036-A50129A0A976}
		{D91D3F5B-935F-422F-A797-C9CEB5ED8905} = {4F17ED3E-EA7F-4457-854C-BE84302907B6}
		{C409D02F-1C9C-4176-9406-1CE55AAE7459} = {0A108820-F110-4B36-A5CF-A59FC7C64955}
		{05C61743-DD01-4078-BE5F-07D8C6BC8D17} = {0A108820-F110-4B36-A5CF-A59FC7C64955}
		{2535027A-3878-4B8F-AA97-45D110F6B6E9} = {0A108820-F110-4B36-A5CF-A59FC7C64955}
		{1F8C7569-15C9-41C0-A2DF-962EE2A1BD37} = {0A108820-F110-4B36-A5CF-A59FC7C64955}
		{02866793-7E08-4713-9F2E-1E9DFC7C2D90} = {0A108820-F110-4B36-A5CF-A59FC7C64955}
	EndGlobalSection
	GlobalSection(ExtensibilityGlobals) = postSolution
		SolutionGuid = {17556D20-DBFC-4AEB-857D-74B7C1EDEA60}
	EndGlobalSection
EndGlobal
