
Microsoft Visual Studio Solution File, Format Version 12.00
# Visual Studio 15
VisualStudioVersion = 15.0.26124.0
MinimumVisualStudioVersion = 15.0.26124.0
Project("{2150E333-8FDC-42A3-9474-1A3956D46DE8}") = "src", "src", "{80DB7E72-6C30-4848-932C-DE8953ECD390}"
EndProject
Project("{FAE04EC0-301F-11D3-BF4B-00C04F79EFBC}") = "Demo.WebApi", "src\Demo.WebApi\Demo.WebApi.csproj", "{B9F60F3E-DA2C-4329-B395-6AA434B0A6B4}"
EndProject
Project("{FAE04EC0-301F-11D3-BF4B-00C04F79EFBC}") = "Demo.App", "src\Demo.App\Demo.App.csproj", "{A6E5FE9B-CE68-405D-AFBA-54AC48FBA59E}"
EndProject
Project("{FAE04EC0-301F-11D3-BF4B-00C04F79EFBC}") = "Demo.Infra", "src\Demo.Infra\Demo.Infra.csproj", "{7DD96CFA-9CB0-4702-8293-8F26B1B0F618}"
EndProject
Project("{FAE04EC0-301F-11D3-BF4B-00C04F79EFBC}") = "Demo.Domain", "src\Demo.Domain\Demo.Domain.csproj", "{660E5FBC-21A0-458C-8BE6-59C3977C2D3A}"
EndProject
Global
	GlobalSection(SolutionConfigurationPlatforms) = preSolution
		Debug|Any CPU = Debug|Any CPU
		Debug|x64 = Debug|x64
		Debug|x86 = Debug|x86
		Release|Any CPU = Release|Any CPU
		Release|x64 = Release|x64
		Release|x86 = Release|x86
	EndGlobalSection
	GlobalSection(SolutionProperties) = preSolution
		HideSolutionNode = FALSE
	EndGlobalSection
	GlobalSection(ProjectConfigurationPlatforms) = postSolution
		{B9F60F3E-DA2C-4329-B395-6AA434B0A6B4}.Debug|Any CPU.ActiveCfg = Debug|Any CPU
		{B9F60F3E-DA2C-4329-B395-6AA434B0A6B4}.Debug|Any CPU.Build.0 = Debug|Any CPU
		{B9F60F3E-DA2C-4329-B395-6AA434B0A6B4}.Debug|x64.ActiveCfg = Debug|Any CPU
		{B9F60F3E-DA2C-4329-B395-6AA434B0A6B4}.Debug|x64.Build.0 = Debug|Any CPU
		{B9F60F3E-DA2C-4329-B395-6AA434B0A6B4}.Debug|x86.ActiveCfg = Debug|Any CPU
		{B9F60F3E-DA2C-4329-B395-6AA434B0A6B4}.Debug|x86.Build.0 = Debug|Any CPU
		{B9F60F3E-DA2C-4329-B395-6AA434B0A6B4}.Release|Any CPU.ActiveCfg = Release|Any CPU
		{B9F60F3E-DA2C-4329-B395-6AA434B0A6B4}.Release|Any CPU.Build.0 = Release|Any CPU
		{B9F60F3E-DA2C-4329-B395-6AA434B0A6B4}.Release|x64.ActiveCfg = Release|Any CPU
		{B9F60F3E-DA2C-4329-B395-6AA434B0A6B4}.Release|x64.Build.0 = Release|Any CPU
		{B9F60F3E-DA2C-4329-B395-6AA434B0A6B4}.Release|x86.ActiveCfg = Release|Any CPU
		{B9F60F3E-DA2C-4329-B395-6AA434B0A6B4}.Release|x86.Build.0 = Release|Any CPU
		{A6E5FE9B-CE68-405D-AFBA-54AC48FBA59E}.Debug|Any CPU.ActiveCfg = Debug|Any CPU
		{A6E5FE9B-CE68-405D-AFBA-54AC48FBA59E}.Debug|Any CPU.Build.0 = Debug|Any CPU
		{A6E5FE9B-CE68-405D-AFBA-54AC48FBA59E}.Debug|x64.ActiveCfg = Debug|Any CPU
		{A6E5FE9B-CE68-405D-AFBA-54AC48FBA59E}.Debug|x64.Build.0 = Debug|Any CPU
		{A6E5FE9B-CE68-405D-AFBA-54AC48FBA59E}.Debug|x86.ActiveCfg = Debug|Any CPU
		{A6E5FE9B-CE68-405D-AFBA-54AC48FBA59E}.Debug|x86.Build.0 = Debug|Any CPU
		{A6E5FE9B-CE68-405D-AFBA-54AC48FBA59E}.Release|Any CPU.ActiveCfg = Release|Any CPU
		{A6E5FE9B-CE68-405D-AFBA-54AC48FBA59E}.Release|Any CPU.Build.0 = Release|Any CPU
		{A6E5FE9B-CE68-405D-AFBA-54AC48FBA59E}.Release|x64.ActiveCfg = Release|Any CPU
		{A6E5FE9B-CE68-405D-AFBA-54AC48FBA59E}.Release|x64.Build.0 = Release|Any CPU
		{A6E5FE9B-CE68-405D-AFBA-54AC48FBA59E}.Release|x86.ActiveCfg = Release|Any CPU
		{A6E5FE9B-CE68-405D-AFBA-54AC48FBA59E}.Release|x86.Build.0 = Release|Any CPU
		{7DD96CFA-9CB0-4702-8293-8F26B1B0F618}.Debug|Any CPU.ActiveCfg = Debug|Any CPU
		{7DD96CFA-9CB0-4702-8293-8F26B1B0F618}.Debug|Any CPU.Build.0 = Debug|Any CPU
		{7DD96CFA-9CB0-4702-8293-8F26B1B0F618}.Debug|x64.ActiveCfg = Debug|Any CPU
		{7DD96CFA-9CB0-4702-8293-8F26B1B0F618}.Debug|x64.Build.0 = Debug|Any CPU
		{7DD96CFA-9CB0-4702-8293-8F26B1B0F618}.Debug|x86.ActiveCfg = Debug|Any CPU
		{7DD96CFA-9CB0-4702-8293-8F26B1B0F618}.Debug|x86.Build.0 = Debug|Any CPU
		{7DD96CFA-9CB0-4702-8293-8F26B1B0F618}.Release|Any CPU.ActiveCfg = Release|Any CPU
		{7DD96CFA-9CB0-4702-8293-8F26B1B0F618}.Release|Any CPU.Build.0 = Release|Any CPU
		{7DD96CFA-9CB0-4702-8293-8F26B1B0F618}.Release|x64.ActiveCfg = Release|Any CPU
		{7DD96CFA-9CB0-4702-8293-8F26B1B0F618}.Release|x64.Build.0 = Release|Any CPU
		{7DD96CFA-9CB0-4702-8293-8F26B1B0F618}.Release|x86.ActiveCfg = Release|Any CPU
		{7DD96CFA-9CB0-4702-8293-8F26B1B0F618}.Release|x86.Build.0 = Release|Any CPU
		{660E5FBC-21A0-458C-8BE6-59C3977C2D3A}.Debug|Any CPU.ActiveCfg = Debug|Any CPU
		{660E5FBC-21A0-458C-8BE6-59C3977C2D3A}.Debug|Any CPU.Build.0 = Debug|Any CPU
		{660E5FBC-21A0-458C-8BE6-59C3977C2D3A}.Debug|x64.ActiveCfg = Debug|Any CPU
		{660E5FBC-21A0-458C-8BE6-59C3977C2D3A}.Debug|x64.Build.0 = Debug|Any CPU
		{660E5FBC-21A0-458C-8BE6-59C3977C2D3A}.Debug|x86.ActiveCfg = Debug|Any CPU
		{660E5FBC-21A0-458C-8BE6-59C3977C2D3A}.Debug|x86.Build.0 = Debug|Any CPU
		{660E5FBC-21A0-458C-8BE6-59C3977C2D3A}.Release|Any CPU.ActiveCfg = Release|Any CPU
		{660E5FBC-21A0-458C-8BE6-59C3977C2D3A}.Release|Any CPU.Build.0 = Release|Any CPU
		{660E5FBC-21A0-458C-8BE6-59C3977C2D3A}.Release|x64.ActiveCfg = Release|Any CPU
		{660E5FBC-21A0-458C-8BE6-59C3977C2D3A}.Release|x64.Build.0 = Release|Any CPU
		{660E5FBC-21A0-458C-8BE6-59C3977C2D3A}.Release|x86.ActiveCfg = Release|Any CPU
		{660E5FBC-21A0-458C-8BE6-59C3977C2D3A}.Release|x86.Build.0 = Release|Any CPU
	EndGlobalSection
	GlobalSection(NestedProjects) = preSolution
		{B9F60F3E-DA2C-4329-B395-6AA434B0A6B4} = {80DB7E72-6C30-4848-932C-DE8953ECD390}
		{A6E5FE9B-CE68-405D-AFBA-54AC48FBA59E} = {80DB7E72-6C30-4848-932C-DE8953ECD390}
		{7DD96CFA-9CB0-4702-8293-8F26B1B0F618} = {80DB7E72-6C30-4848-932C-DE8953ECD390}
		{660E5FBC-21A0-458C-8BE6-59C3977C2D3A} = {80DB7E72-6C30-4848-932C-DE8953ECD390}
	EndGlobalSection
EndGlobal
