
Microsoft Visual Studio Solution File, Format Version 12.00
# Visual Studio 15
VisualStudioVersion = 15.0.26124.0
MinimumVisualStudioVersion = 15.0.26124.0
Project("{2150E333-8FDC-42A3-9474-1A3956D46DE8}") = "src", "src", "{5B8E4ACE-781B-40DA-98BE-2DF743D3A121}"
EndProject
Project("{FAE04EC0-301F-11D3-BF4B-00C04F79EFBC}") = "Demo.Client", "src\Demo.Client\Demo.Client.csproj", "{271B0118-67A7-4736-B51A-F6F1AC91C43B}"
EndProject
Project("{FAE04EC0-301F-11D3-BF4B-00C04F79EFBC}") = "Demo.WebApi", "src\Demo.WebApi\Demo.WebApi.csproj", "{9249F4C7-4592-47B2-8305-E319D4D11B5B}"
EndProject
Global
	GlobalSection(SolutionConfigurationPlatforms) = preSolution
		Debug|Any CPU = Debug|Any CPU
		Debug|x64 = Debug|x64
		Debug|x86 = Debug|x86
		Release|Any CPU = Release|Any CPU
		Release|x64 = Release|x64
		Release|x86 = Release|x86
	EndGlobalSection
	GlobalSection(SolutionProperties) = preSolution
		HideSolutionNode = FALSE
	EndGlobalSection
	GlobalSection(ProjectConfigurationPlatforms) = postSolution
		{271B0118-67A7-4736-B51A-F6F1AC91C43B}.Debug|Any CPU.ActiveCfg = Debug|Any CPU
		{271B0118-67A7-4736-B51A-F6F1AC91C43B}.Debug|Any CPU.Build.0 = Debug|Any CPU
		{271B0118-67A7-4736-B51A-F6F1AC91C43B}.Debug|x64.ActiveCfg = Debug|Any CPU
		{271B0118-67A7-4736-B51A-F6F1AC91C43B}.Debug|x64.Build.0 = Debug|Any CPU
		{271B0118-67A7-4736-B51A-F6F1AC91C43B}.Debug|x86.ActiveCfg = Debug|Any CPU
		{271B0118-67A7-4736-B51A-F6F1AC91C43B}.Debug|x86.Build.0 = Debug|Any CPU
		{271B0118-67A7-4736-B51A-F6F1AC91C43B}.Release|Any CPU.ActiveCfg = Release|Any CPU
		{271B0118-67A7-4736-B51A-F6F1AC91C43B}.Release|Any CPU.Build.0 = Release|Any CPU
		{271B0118-67A7-4736-B51A-F6F1AC91C43B}.Release|x64.ActiveCfg = Release|Any CPU
		{271B0118-67A7-4736-B51A-F6F1AC91C43B}.Release|x64.Build.0 = Release|Any CPU
		{271B0118-67A7-4736-B51A-F6F1AC91C43B}.Release|x86.ActiveCfg = Release|Any CPU
		{271B0118-67A7-4736-B51A-F6F1AC91C43B}.Release|x86.Build.0 = Release|Any CPU
		{9249F4C7-4592-47B2-8305-E319D4D11B5B}.Debug|Any CPU.ActiveCfg = Debug|Any CPU
		{9249F4C7-4592-47B2-8305-E319D4D11B5B}.Debug|Any CPU.Build.0 = Debug|Any CPU
		{9249F4C7-4592-47B2-8305-E319D4D11B5B}.Debug|x64.ActiveCfg = Debug|Any CPU
		{9249F4C7-4592-47B2-8305-E319D4D11B5B}.Debug|x64.Build.0 = Debug|Any CPU
		{9249F4C7-4592-47B2-8305-E319D4D11B5B}.Debug|x86.ActiveCfg = Debug|Any CPU
		{9249F4C7-4592-47B2-8305-E319D4D11B5B}.Debug|x86.Build.0 = Debug|Any CPU
		{9249F4C7-4592-47B2-8305-E319D4D11B5B}.Release|Any CPU.ActiveCfg = Release|Any CPU
		{9249F4C7-4592-47B2-8305-E319D4D11B5B}.Release|Any CPU.Build.0 = Release|Any CPU
		{9249F4C7-4592-47B2-8305-E319D4D11B5B}.Release|x64.ActiveCfg = Release|Any CPU
		{9249F4C7-4592-47B2-8305-E319D4D11B5B}.Release|x64.Build.0 = Release|Any CPU
		{9249F4C7-4592-47B2-8305-E319D4D11B5B}.Release|x86.ActiveCfg = Release|Any CPU
		{9249F4C7-4592-47B2-8305-E319D4D11B5B}.Release|x86.Build.0 = Release|Any CPU
	EndGlobalSection
	GlobalSection(NestedProjects) = preSolution
		{271B0118-67A7-4736-B51A-F6F1AC91C43B} = {5B8E4ACE-781B-40DA-98BE-2DF743D3A121}
		{9249F4C7-4592-47B2-8305-E319D4D11B5B} = {5B8E4ACE-781B-40DA-98BE-2DF743D3A121}
	EndGlobalSection
EndGlobal
