
Microsoft Visual Studio Solution File, Format Version 12.00
# Visual Studio 15
VisualStudioVersion = 15.0.26124.0
MinimumVisualStudioVersion = 15.0.26124.0
Project("{2150E333-8FDC-42A3-9474-1A3956D46DE8}") = "src", "src", "{610D0459-9D19-4BB5-9311-526CB8FCDA22}"
EndProject
Project("{FAE04EC0-301F-11D3-BF4B-00C04F79EFBC}") = "Demo.WebApi", "src\Demo.WebApi\Demo.WebApi.csproj", "{4ECB5D71-1D0A-4C5A-9666-029C3666C56D}"
EndProject
Project("{FAE04EC0-301F-11D3-BF4B-00C04F79EFBC}") = "Demo.App", "src\Demo.App\Demo.App.csproj", "{EBF161C0-05D3-45AE-9F81-FDA8AA7886D0}"
EndProject
Project("{FAE04EC0-301F-11D3-BF4B-00C04F79EFBC}") = "Demo.Infra", "src\Demo.Infra\Demo.Infra.csproj", "{D8DF2847-0700-4E28-BCC2-F26B8B166C0F}"
EndProject
Global
	GlobalSection(SolutionConfigurationPlatforms) = preSolution
		Debug|Any CPU = Debug|Any CPU
		Debug|x64 = Debug|x64
		Debug|x86 = Debug|x86
		Release|Any CPU = Release|Any CPU
		Release|x64 = Release|x64
		Release|x86 = Release|x86
	EndGlobalSection
	GlobalSection(SolutionProperties) = preSolution
		HideSolutionNode = FALSE
	EndGlobalSection
	GlobalSection(ProjectConfigurationPlatforms) = postSolution
		{4ECB5D71-1D0A-4C5A-9666-029C3666C56D}.Debug|Any CPU.ActiveCfg = Debug|Any CPU
		{4ECB5D71-1D0A-4C5A-9666-029C3666C56D}.Debug|Any CPU.Build.0 = Debug|Any CPU
		{4ECB5D71-1D0A-4C5A-9666-029C3666C56D}.Debug|x64.ActiveCfg = Debug|x64
		{4ECB5D71-1D0A-4C5A-9666-029C3666C56D}.Debug|x64.Build.0 = Debug|x64
		{4ECB5D71-1D0A-4C5A-9666-029C3666C56D}.Debug|x86.ActiveCfg = Debug|x86
		{4ECB5D71-1D0A-4C5A-9666-029C3666C56D}.Debug|x86.Build.0 = Debug|x86
		{4ECB5D71-1D0A-4C5A-9666-029C3666C56D}.Release|Any CPU.ActiveCfg = Release|Any CPU
		{4ECB5D71-1D0A-4C5A-9666-029C3666C56D}.Release|Any CPU.Build.0 = Release|Any CPU
		{4ECB5D71-1D0A-4C5A-9666-029C3666C56D}.Release|x64.ActiveCfg = Release|x64
		{4ECB5D71-1D0A-4C5A-9666-029C3666C56D}.Release|x64.Build.0 = Release|x64
		{4ECB5D71-1D0A-4C5A-9666-029C3666C56D}.Release|x86.ActiveCfg = Release|x86
		{4ECB5D71-1D0A-4C5A-9666-029C3666C56D}.Release|x86.Build.0 = Release|x86
		{EBF161C0-05D3-45AE-9F81-FDA8AA7886D0}.Debug|Any CPU.ActiveCfg = Debug|Any CPU
		{EBF161C0-05D3-45AE-9F81-FDA8AA7886D0}.Debug|Any CPU.Build.0 = Debug|Any CPU
		{EBF161C0-05D3-45AE-9F81-FDA8AA7886D0}.Debug|x64.ActiveCfg = Debug|x64
		{EBF161C0-05D3-45AE-9F81-FDA8AA7886D0}.Debug|x64.Build.0 = Debug|x64
		{EBF161C0-05D3-45AE-9F81-FDA8AA7886D0}.Debug|x86.ActiveCfg = Debug|x86
		{EBF161C0-05D3-45AE-9F81-FDA8AA7886D0}.Debug|x86.Build.0 = Debug|x86
		{EBF161C0-05D3-45AE-9F81-FDA8AA7886D0}.Release|Any CPU.ActiveCfg = Release|Any CPU
		{EBF161C0-05D3-45AE-9F81-FDA8AA7886D0}.Release|Any CPU.Build.0 = Release|Any CPU
		{EBF161C0-05D3-45AE-9F81-FDA8AA7886D0}.Release|x64.ActiveCfg = Release|x64
		{EBF161C0-05D3-45AE-9F81-FDA8AA7886D0}.Release|x64.Build.0 = Release|x64
		{EBF161C0-05D3-45AE-9F81-FDA8AA7886D0}.Release|x86.ActiveCfg = Release|x86
		{EBF161C0-05D3-45AE-9F81-FDA8AA7886D0}.Release|x86.Build.0 = Release|x86
		{D8DF2847-0700-4E28-BCC2-F26B8B166C0F}.Debug|Any CPU.ActiveCfg = Debug|Any CPU
		{D8DF2847-0700-4E28-BCC2-F26B8B166C0F}.Debug|Any CPU.Build.0 = Debug|Any CPU
		{D8DF2847-0700-4E28-BCC2-F26B8B166C0F}.Debug|x64.ActiveCfg = Debug|x64
		{D8DF2847-0700-4E28-BCC2-F26B8B166C0F}.Debug|x64.Build.0 = Debug|x64
		{D8DF2847-0700-4E28-BCC2-F26B8B166C0F}.Debug|x86.ActiveCfg = Debug|x86
		{D8DF2847-0700-4E28-BCC2-F26B8B166C0F}.Debug|x86.Build.0 = Debug|x86
		{D8DF2847-0700-4E28-BCC2-F26B8B166C0F}.Release|Any CPU.ActiveCfg = Release|Any CPU
		{D8DF2847-0700-4E28-BCC2-F26B8B166C0F}.Release|Any CPU.Build.0 = Release|Any CPU
		{D8DF2847-0700-4E28-BCC2-F26B8B166C0F}.Release|x64.ActiveCfg = Release|x64
		{D8DF2847-0700-4E28-BCC2-F26B8B166C0F}.Release|x64.Build.0 = Release|x64
		{D8DF2847-0700-4E28-BCC2-F26B8B166C0F}.Release|x86.ActiveCfg = Release|x86
		{D8DF2847-0700-4E28-BCC2-F26B8B166C0F}.Release|x86.Build.0 = Release|x86
	EndGlobalSection
	GlobalSection(NestedProjects) = preSolution
		{4ECB5D71-1D0A-4C5A-9666-029C3666C56D} = {610D0459-9D19-4BB5-9311-526CB8FCDA22}
		{EBF161C0-05D3-45AE-9F81-FDA8AA7886D0} = {610D0459-9D19-4BB5-9311-526CB8FCDA22}
		{D8DF2847-0700-4E28-BCC2-F26B8B166C0F} = {610D0459-9D19-4BB5-9311-526CB8FCDA22}
	EndGlobalSection
EndGlobal
